// !$*UTF8*$!
{
	archiveVersion = 1;
	classes = {
	};
	objectVersion = 54;
	objects = {

/* Begin PBXBuildFile section */
		392BC50927CF7940009D77D8 /* ContentView.swift in Sources */ = {isa = PBXBuildFile; fileRef = 392BC50827CF7940009D77D8 /* ContentView.swift */; };
		39C419F9275D9AA2001F4B4E /* Payloads.yaml in Resources */ = {isa = PBXBuildFile; fileRef = 39C419F8275D9AA2001F4B4E /* Payloads.yaml */; };
		39C419FD275D9AEC001F4B4E /* Yams in Frameworks */ = {isa = PBXBuildFile; productRef = 39C419FC275D9AEC001F4B4E /* Yams */; };
		39C41A01275DAED9001F4B4E /* DetailHeading.swift in Sources */ = {isa = PBXBuildFile; fileRef = 39C41A00275DAED9001F4B4E /* DetailHeading.swift */; };
		39C41A04275DB04E001F4B4E /* DetailHighLevel.swift in Sources */ = {isa = PBXBuildFile; fileRef = 39C41A03275DB04E001F4B4E /* DetailHighLevel.swift */; };
		39C41A07275DC410001F4B4E /* ScaledSystemImage.swift in Sources */ = {isa = PBXBuildFile; fileRef = 39C41A06275DC410001F4B4E /* ScaledSystemImage.swift */; };
		39C41A0A275DC4C2001F4B4E /* ScaledImage.swift in Sources */ = {isa = PBXBuildFile; fileRef = 39C41A09275DC4C2001F4B4E /* ScaledImage.swift */; };
		39C41A0E275DCCE8001F4B4E /* DetailPayloadPropertiesMetadata.swift in Sources */ = {isa = PBXBuildFile; fileRef = 39C41A0D275DCCE8001F4B4E /* DetailPayloadPropertiesMetadata.swift */; };
		39C41A11275DCE52001F4B4E /* DetailPayloadPropertiesLeading.swift in Sources */ = {isa = PBXBuildFile; fileRef = 39C41A10275DCE52001F4B4E /* DetailPayloadPropertiesLeading.swift */; };
		39C41A14275DCED3001F4B4E /* DetailPayloadPropertiesTrailing.swift in Sources */ = {isa = PBXBuildFile; fileRef = 39C41A13275DCED3001F4B4E /* DetailPayloadPropertiesTrailing.swift */; };
		39C41A17275DDA5F001F4B4E /* DetailDiscussion.swift in Sources */ = {isa = PBXBuildFile; fileRef = 39C41A16275DDA5F001F4B4E /* DetailDiscussion.swift */; };
		39C41A1A275DEDB1001F4B4E /* Certificate.swift in Sources */ = {isa = PBXBuildFile; fileRef = 39C41A19275DEDB1001F4B4E /* Certificate.swift */; };
		39C41A20275F2038001F4B4E /* CustomValue.swift in Sources */ = {isa = PBXBuildFile; fileRef = 39C41A1F275F2038001F4B4E /* CustomValue.swift */; };
		39D0056827D0916B0027A6E5 /* SidebarProfileRow.swift in Sources */ = {isa = PBXBuildFile; fileRef = 39D0056727D0916B0027A6E5 /* SidebarProfileRow.swift */; };
		39D0056C27D31D220027A6E5 /* RefreshView.swift in Sources */ = {isa = PBXBuildFile; fileRef = 39D0056B27D31D220027A6E5 /* RefreshView.swift */; };
		573F4D0424E81EB000E6136F /* AppCommands.swift in Sources */ = {isa = PBXBuildFile; fileRef = 573F4D0324E81EB000E6136F /* AppCommands.swift */; };
		5745C7282A9B070200744AAE /* Highlightr in Frameworks */ = {isa = PBXBuildFile; productRef = 5745C7272A9B070200744AAE /* Highlightr */; };
		5745C72A2A9B09BB00744AAE /* Highlightr+Extension.swift in Sources */ = {isa = PBXBuildFile; fileRef = 5745C7292A9B09BB00744AAE /* Highlightr+Extension.swift */; };
		5770D8612958489D00297B46 /* LowProfileTests.swift in Sources */ = {isa = PBXBuildFile; fileRef = 5770D8602958489D00297B46 /* LowProfileTests.swift */; };
		5770D867295860DF00297B46 /* Sparkle in Frameworks */ = {isa = PBXBuildFile; productRef = 5770D866295860DF00297B46 /* Sparkle */; };
		5770D8692958613900297B46 /* SparkleUpdater.swift in Sources */ = {isa = PBXBuildFile; fileRef = 5770D8682958613900297B46 /* SparkleUpdater.swift */; };
		5770D86B2958650E00297B46 /* SettingsView.swift in Sources */ = {isa = PBXBuildFile; fileRef = 5770D86A2958650E00297B46 /* SettingsView.swift */; };
		5770D86D2958677F00297B46 /* SettingsGeneralView.swift in Sources */ = {isa = PBXBuildFile; fileRef = 5770D86C2958677F00297B46 /* SettingsGeneralView.swift */; };
		5770D86F2958685700297B46 /* SettingsAboutView.swift in Sources */ = {isa = PBXBuildFile; fileRef = 5770D86E2958685700297B46 /* SettingsAboutView.swift */; };
		578B3B9724DAA522004D06C2 /* DetailInformation.swift in Sources */ = {isa = PBXBuildFile; fileRef = 578B3B9624DAA522004D06C2 /* DetailInformation.swift */; };
		578B3B9B24DAB51F004D06C2 /* Property.swift in Sources */ = {isa = PBXBuildFile; fileRef = 578B3B9A24DAB51F004D06C2 /* Property.swift */; };
		578B3B9F24DC0444004D06C2 /* PlatformImage.swift in Sources */ = {isa = PBXBuildFile; fileRef = 578B3B9E24DC0444004D06C2 /* PlatformImage.swift */; };
		578B3BA124DC05B2004D06C2 /* Platform.swift in Sources */ = {isa = PBXBuildFile; fileRef = 578B3BA024DC05B2004D06C2 /* Platform.swift */; };
		578B3BA324DC08B8004D06C2 /* Availability.swift in Sources */ = {isa = PBXBuildFile; fileRef = 578B3BA224DC08B8004D06C2 /* Availability.swift */; };
		578B3BA924DC1FAD004D06C2 /* TextRow.swift in Sources */ = {isa = PBXBuildFile; fileRef = 578B3BA824DC1FAD004D06C2 /* TextRow.swift */; };
		578B3BB124DE5763004D06C2 /* TextTag.swift in Sources */ = {isa = PBXBuildFile; fileRef = 578B3BB024DE5763004D06C2 /* TextTag.swift */; };
		578B3BB724DE7088004D06C2 /* String+Extension.swift in Sources */ = {isa = PBXBuildFile; fileRef = 578B3BB624DE7088004D06C2 /* String+Extension.swift */; };
		578B3BBF24DFD64E004D06C2 /* DetailPayloadProperties.swift in Sources */ = {isa = PBXBuildFile; fileRef = 578B3BBE24DFD64E004D06C2 /* DetailPayloadProperties.swift */; };
		578B3BC124E132D0004D06C2 /* AppDelegate.swift in Sources */ = {isa = PBXBuildFile; fileRef = 578B3BC024E132D0004D06C2 /* AppDelegate.swift */; };
		578B3BC324E143CD004D06C2 /* DetailCertificates.swift in Sources */ = {isa = PBXBuildFile; fileRef = 578B3BC224E143CD004D06C2 /* DetailCertificates.swift */; };
		578F000524E8148D00DA8DF1 /* DocumentError.swift in Sources */ = {isa = PBXBuildFile; fileRef = 578F000424E8148D00DA8DF1 /* DocumentError.swift */; };
		578F79302A1C457400260FEF /* ProfileHelper.swift in Sources */ = {isa = PBXBuildFile; fileRef = 578F792F2A1C457400260FEF /* ProfileHelper.swift */; };
		578FFFEE24E675ED00DA8DF1 /* AttributedText.swift in Sources */ = {isa = PBXBuildFile; fileRef = 578FFFED24E675EC00DA8DF1 /* AttributedText.swift */; };
		578FFFF124E7AB5D00DA8DF1 /* DetailPropertyList.swift in Sources */ = {isa = PBXBuildFile; fileRef = 578FFFF024E7AB5D00DA8DF1 /* DetailPropertyList.swift */; };
		5794E85D254A6B1A004A5942 /* ASN1Decoder in Frameworks */ = {isa = PBXBuildFile; productRef = 5794E85C254A6B1A004A5942 /* ASN1Decoder */; };
		57BB577B24D789E70090CDDF /* Payload.swift in Sources */ = {isa = PBXBuildFile; fileRef = 57BB577A24D789E70090CDDF /* Payload.swift */; };
		57BB578124D78B2C0090CDDF /* Profile.swift in Sources */ = {isa = PBXBuildFile; fileRef = 57BB578024D78B2C0090CDDF /* Profile.swift */; };
		57BB578324D7FD330090CDDF /* SidebarPayloadRow.swift in Sources */ = {isa = PBXBuildFile; fileRef = 57BB578224D7FD330090CDDF /* SidebarPayloadRow.swift */; };
		57BB578624D802270090CDDF /* Detail.swift in Sources */ = {isa = PBXBuildFile; fileRef = 57BB578524D802270090CDDF /* Detail.swift */; };
		57BB578A24D81AB00090CDDF /* PayloadHelper.swift in Sources */ = {isa = PBXBuildFile; fileRef = 57BB578924D81AB00090CDDF /* PayloadHelper.swift */; };
		57BD337B2A19258100AC94DA /* SettingsSyntaxHighlightingView.swift in Sources */ = {isa = PBXBuildFile; fileRef = 57BD337A2A19258100AC94DA /* SettingsSyntaxHighlightingView.swift */; };
		57D4F7D224D6D6A500BC0648 /* LowProfileApp.swift in Sources */ = {isa = PBXBuildFile; fileRef = 57D4F7D124D6D6A500BC0648 /* LowProfileApp.swift */; };
		57D4F7D424D6D6A500BC0648 /* DocumentView.swift in Sources */ = {isa = PBXBuildFile; fileRef = 57D4F7D324D6D6A500BC0648 /* DocumentView.swift */; };
		57D4F7D624D6D6A700BC0648 /* Assets.xcassets in Resources */ = {isa = PBXBuildFile; fileRef = 57D4F7D524D6D6A700BC0648 /* Assets.xcassets */; };
		57D4F7FC24D6D8D100BC0648 /* Document.swift in Sources */ = {isa = PBXBuildFile; fileRef = 57D4F7FB24D6D8D100BC0648 /* Document.swift */; };
		57D4F7FE24D6E46400BC0648 /* UTType+Extension.swift in Sources */ = {isa = PBXBuildFile; fileRef = 57D4F7FD24D6E46400BC0648 /* UTType+Extension.swift */; };
/* End PBXBuildFile section */

/* Begin PBXFileReference section */
		392BC50827CF7940009D77D8 /* ContentView.swift */ = {isa = PBXFileReference; lastKnownFileType = sourcecode.swift; path = ContentView.swift; sourceTree = "<group>"; };
		39C419F8275D9AA2001F4B4E /* Payloads.yaml */ = {isa = PBXFileReference; fileEncoding = 4; lastKnownFileType = text.yaml; path = Payloads.yaml; sourceTree = "<group>"; };
		39C41A00275DAED9001F4B4E /* DetailHeading.swift */ = {isa = PBXFileReference; lastKnownFileType = sourcecode.swift; path = DetailHeading.swift; sourceTree = "<group>"; };
		39C41A03275DB04E001F4B4E /* DetailHighLevel.swift */ = {isa = PBXFileReference; lastKnownFileType = sourcecode.swift; path = DetailHighLevel.swift; sourceTree = "<group>"; };
		39C41A06275DC410001F4B4E /* ScaledSystemImage.swift */ = {isa = PBXFileReference; lastKnownFileType = sourcecode.swift; path = ScaledSystemImage.swift; sourceTree = "<group>"; };
		39C41A09275DC4C2001F4B4E /* ScaledImage.swift */ = {isa = PBXFileReference; lastKnownFileType = sourcecode.swift; path = ScaledImage.swift; sourceTree = "<group>"; };
		39C41A0D275DCCE8001F4B4E /* DetailPayloadPropertiesMetadata.swift */ = {isa = PBXFileReference; lastKnownFileType = sourcecode.swift; path = DetailPayloadPropertiesMetadata.swift; sourceTree = "<group>"; };
		39C41A10275DCE52001F4B4E /* DetailPayloadPropertiesLeading.swift */ = {isa = PBXFileReference; lastKnownFileType = sourcecode.swift; path = DetailPayloadPropertiesLeading.swift; sourceTree = "<group>"; };
		39C41A13275DCED3001F4B4E /* DetailPayloadPropertiesTrailing.swift */ = {isa = PBXFileReference; lastKnownFileType = sourcecode.swift; path = DetailPayloadPropertiesTrailing.swift; sourceTree = "<group>"; };
		39C41A16275DDA5F001F4B4E /* DetailDiscussion.swift */ = {isa = PBXFileReference; lastKnownFileType = sourcecode.swift; path = DetailDiscussion.swift; sourceTree = "<group>"; };
		39C41A19275DEDB1001F4B4E /* Certificate.swift */ = {isa = PBXFileReference; lastKnownFileType = sourcecode.swift; path = Certificate.swift; sourceTree = "<group>"; };
		39C41A1F275F2038001F4B4E /* CustomValue.swift */ = {isa = PBXFileReference; lastKnownFileType = sourcecode.swift; path = CustomValue.swift; sourceTree = "<group>"; };
		39D0056727D0916B0027A6E5 /* SidebarProfileRow.swift */ = {isa = PBXFileReference; lastKnownFileType = sourcecode.swift; path = SidebarProfileRow.swift; sourceTree = "<group>"; };
		39D0056B27D31D220027A6E5 /* RefreshView.swift */ = {isa = PBXFileReference; lastKnownFileType = sourcecode.swift; path = RefreshView.swift; sourceTree = "<group>"; };
		573F4D0324E81EB000E6136F /* AppCommands.swift */ = {isa = PBXFileReference; lastKnownFileType = sourcecode.swift; path = AppCommands.swift; sourceTree = "<group>"; };
		5745C7292A9B09BB00744AAE /* Highlightr+Extension.swift */ = {isa = PBXFileReference; lastKnownFileType = sourcecode.swift; path = "Highlightr+Extension.swift"; sourceTree = "<group>"; };
		5770D85E2958489D00297B46 /* LowProfileTests.xctest */ = {isa = PBXFileReference; explicitFileType = wrapper.cfbundle; includeInIndex = 0; path = LowProfileTests.xctest; sourceTree = BUILT_PRODUCTS_DIR; };
		5770D8602958489D00297B46 /* LowProfileTests.swift */ = {isa = PBXFileReference; lastKnownFileType = sourcecode.swift; path = LowProfileTests.swift; sourceTree = "<group>"; };
		5770D8682958613900297B46 /* SparkleUpdater.swift */ = {isa = PBXFileReference; lastKnownFileType = sourcecode.swift; path = SparkleUpdater.swift; sourceTree = "<group>"; };
		5770D86A2958650E00297B46 /* SettingsView.swift */ = {isa = PBXFileReference; lastKnownFileType = sourcecode.swift; path = SettingsView.swift; sourceTree = "<group>"; };
		5770D86C2958677F00297B46 /* SettingsGeneralView.swift */ = {isa = PBXFileReference; lastKnownFileType = sourcecode.swift; path = SettingsGeneralView.swift; sourceTree = "<group>"; };
		5770D86E2958685700297B46 /* SettingsAboutView.swift */ = {isa = PBXFileReference; lastKnownFileType = sourcecode.swift; path = SettingsAboutView.swift; sourceTree = "<group>"; };
		578B3B9624DAA522004D06C2 /* DetailInformation.swift */ = {isa = PBXFileReference; lastKnownFileType = sourcecode.swift; path = DetailInformation.swift; sourceTree = "<group>"; };
		578B3B9A24DAB51F004D06C2 /* Property.swift */ = {isa = PBXFileReference; lastKnownFileType = sourcecode.swift; path = Property.swift; sourceTree = "<group>"; };
		578B3B9E24DC0444004D06C2 /* PlatformImage.swift */ = {isa = PBXFileReference; lastKnownFileType = sourcecode.swift; path = PlatformImage.swift; sourceTree = "<group>"; };
		578B3BA024DC05B2004D06C2 /* Platform.swift */ = {isa = PBXFileReference; lastKnownFileType = sourcecode.swift; path = Platform.swift; sourceTree = "<group>"; };
		578B3BA224DC08B8004D06C2 /* Availability.swift */ = {isa = PBXFileReference; lastKnownFileType = sourcecode.swift; path = Availability.swift; sourceTree = "<group>"; };
		578B3BA824DC1FAD004D06C2 /* TextRow.swift */ = {isa = PBXFileReference; lastKnownFileType = sourcecode.swift; path = TextRow.swift; sourceTree = "<group>"; };
		578B3BB024DE5763004D06C2 /* TextTag.swift */ = {isa = PBXFileReference; lastKnownFileType = sourcecode.swift; path = TextTag.swift; sourceTree = "<group>"; };
		578B3BB624DE7088004D06C2 /* String+Extension.swift */ = {isa = PBXFileReference; lastKnownFileType = sourcecode.swift; path = "String+Extension.swift"; sourceTree = "<group>"; };
		578B3BBE24DFD64E004D06C2 /* DetailPayloadProperties.swift */ = {isa = PBXFileReference; lastKnownFileType = sourcecode.swift; path = DetailPayloadProperties.swift; sourceTree = "<group>"; };
		578B3BC024E132D0004D06C2 /* AppDelegate.swift */ = {isa = PBXFileReference; lastKnownFileType = sourcecode.swift; path = AppDelegate.swift; sourceTree = "<group>"; };
		578B3BC224E143CD004D06C2 /* DetailCertificates.swift */ = {isa = PBXFileReference; lastKnownFileType = sourcecode.swift; path = DetailCertificates.swift; sourceTree = "<group>"; };
		578F000424E8148D00DA8DF1 /* DocumentError.swift */ = {isa = PBXFileReference; lastKnownFileType = sourcecode.swift; path = DocumentError.swift; sourceTree = "<group>"; };
		578F792F2A1C457400260FEF /* ProfileHelper.swift */ = {isa = PBXFileReference; lastKnownFileType = sourcecode.swift; path = ProfileHelper.swift; sourceTree = "<group>"; };
		578FFFED24E675EC00DA8DF1 /* AttributedText.swift */ = {isa = PBXFileReference; lastKnownFileType = sourcecode.swift; path = AttributedText.swift; sourceTree = "<group>"; };
		578FFFF024E7AB5D00DA8DF1 /* DetailPropertyList.swift */ = {isa = PBXFileReference; lastKnownFileType = sourcecode.swift; path = DetailPropertyList.swift; sourceTree = "<group>"; };
		57BB577A24D789E70090CDDF /* Payload.swift */ = {isa = PBXFileReference; lastKnownFileType = sourcecode.swift; path = Payload.swift; sourceTree = "<group>"; };
		57BB578024D78B2C0090CDDF /* Profile.swift */ = {isa = PBXFileReference; lastKnownFileType = sourcecode.swift; path = Profile.swift; sourceTree = "<group>"; };
		57BB578224D7FD330090CDDF /* SidebarPayloadRow.swift */ = {isa = PBXFileReference; lastKnownFileType = sourcecode.swift; path = SidebarPayloadRow.swift; sourceTree = "<group>"; };
		57BB578524D802270090CDDF /* Detail.swift */ = {isa = PBXFileReference; lastKnownFileType = sourcecode.swift; path = Detail.swift; sourceTree = "<group>"; };
		57BB578924D81AB00090CDDF /* PayloadHelper.swift */ = {isa = PBXFileReference; lastKnownFileType = sourcecode.swift; path = PayloadHelper.swift; sourceTree = "<group>"; };
		57BD337A2A19258100AC94DA /* SettingsSyntaxHighlightingView.swift */ = {isa = PBXFileReference; lastKnownFileType = sourcecode.swift; path = SettingsSyntaxHighlightingView.swift; sourceTree = "<group>"; };
		57D4F7CE24D6D6A500BC0648 /* Low Profile.app */ = {isa = PBXFileReference; explicitFileType = wrapper.application; includeInIndex = 0; path = "Low Profile.app"; sourceTree = BUILT_PRODUCTS_DIR; };
		57D4F7D124D6D6A500BC0648 /* LowProfileApp.swift */ = {isa = PBXFileReference; lastKnownFileType = sourcecode.swift; path = LowProfileApp.swift; sourceTree = "<group>"; };
		57D4F7D324D6D6A500BC0648 /* DocumentView.swift */ = {isa = PBXFileReference; lastKnownFileType = sourcecode.swift; path = DocumentView.swift; sourceTree = "<group>"; };
		57D4F7D524D6D6A700BC0648 /* Assets.xcassets */ = {isa = PBXFileReference; lastKnownFileType = folder.assetcatalog; path = Assets.xcassets; sourceTree = "<group>"; };
		57D4F7DA24D6D6A700BC0648 /* Info.plist */ = {isa = PBXFileReference; lastKnownFileType = text.plist.xml; path = Info.plist; sourceTree = "<group>"; };
		57D4F7FB24D6D8D100BC0648 /* Document.swift */ = {isa = PBXFileReference; lastKnownFileType = sourcecode.swift; path = Document.swift; sourceTree = "<group>"; };
		57D4F7FD24D6E46400BC0648 /* UTType+Extension.swift */ = {isa = PBXFileReference; lastKnownFileType = sourcecode.swift; path = "UTType+Extension.swift"; sourceTree = "<group>"; };
/* End PBXFileReference section */

/* Begin PBXFrameworksBuildPhase section */
		5770D85B2958489D00297B46 /* Frameworks */ = {
			isa = PBXFrameworksBuildPhase;
			buildActionMask = 2147483647;
			files = (
			);
			runOnlyForDeploymentPostprocessing = 0;
		};
		57D4F7CB24D6D6A500BC0648 /* Frameworks */ = {
			isa = PBXFrameworksBuildPhase;
			buildActionMask = 2147483647;
			files = (
				5745C7282A9B070200744AAE /* Highlightr in Frameworks */,
				5770D867295860DF00297B46 /* Sparkle in Frameworks */,
				39C419FD275D9AEC001F4B4E /* Yams in Frameworks */,
				5794E85D254A6B1A004A5942 /* ASN1Decoder in Frameworks */,
			);
			runOnlyForDeploymentPostprocessing = 0;
		};
/* End PBXFrameworksBuildPhase section */

/* Begin PBXGroup section */
		39C419FE275DA3BB001F4B4E /* Sidebar */ = {
			isa = PBXGroup;
			children = (
				39D0056727D0916B0027A6E5 /* SidebarProfileRow.swift */,
				57BB578224D7FD330090CDDF /* SidebarPayloadRow.swift */,
			);
			path = Sidebar;
			sourceTree = "<group>";
		};
		39C419FF275DA3CC001F4B4E /* Detail */ = {
			isa = PBXGroup;
			children = (
				57BB578524D802270090CDDF /* Detail.swift */,
				39C41A00275DAED9001F4B4E /* DetailHeading.swift */,
				39C41A03275DB04E001F4B4E /* DetailHighLevel.swift */,
				578B3B9624DAA522004D06C2 /* DetailInformation.swift */,
				39C41A16275DDA5F001F4B4E /* DetailDiscussion.swift */,
				578B3BC224E143CD004D06C2 /* DetailCertificates.swift */,
				578FFFF024E7AB5D00DA8DF1 /* DetailPropertyList.swift */,
				39C41A0C275DCC38001F4B4E /* Payload Properties */,
			);
			path = Detail;
			sourceTree = "<group>";
		};
		39C41A0C275DCC38001F4B4E /* Payload Properties */ = {
			isa = PBXGroup;
			children = (
				578B3BBE24DFD64E004D06C2 /* DetailPayloadProperties.swift */,
				39C41A10275DCE52001F4B4E /* DetailPayloadPropertiesLeading.swift */,
				39C41A13275DCED3001F4B4E /* DetailPayloadPropertiesTrailing.swift */,
				39C41A0D275DCCE8001F4B4E /* DetailPayloadPropertiesMetadata.swift */,
			);
			path = "Payload Properties";
			sourceTree = "<group>";
		};
		5770D85F2958489D00297B46 /* Low Profile Tests */ = {
			isa = PBXGroup;
			children = (
				5770D8602958489D00297B46 /* LowProfileTests.swift */,
			);
			path = "Low Profile Tests";
			sourceTree = "<group>";
		};
		57BB577C24D789F00090CDDF /* Extensions */ = {
			isa = PBXGroup;
			children = (
				5745C7292A9B09BB00744AAE /* Highlightr+Extension.swift */,
				578B3BB624DE7088004D06C2 /* String+Extension.swift */,
				57D4F7FD24D6E46400BC0648 /* UTType+Extension.swift */,
			);
			path = Extensions;
			sourceTree = "<group>";
		};
		57BB577D24D78A270090CDDF /* Model */ = {
			isa = PBXGroup;
			children = (
				57BB578024D78B2C0090CDDF /* Profile.swift */,
				57BB577A24D789E70090CDDF /* Payload.swift */,
				578B3BA024DC05B2004D06C2 /* Platform.swift */,
				578B3BA224DC08B8004D06C2 /* Availability.swift */,
				578B3B9A24DAB51F004D06C2 /* Property.swift */,
			);
			path = Model;
			sourceTree = "<group>";
		};
		57BB578424D7FDBB0090CDDF /* Views */ = {
			isa = PBXGroup;
			children = (
				392BC50827CF7940009D77D8 /* ContentView.swift */,
				57D4F7D324D6D6A500BC0648 /* DocumentView.swift */,
				39D0056B27D31D220027A6E5 /* RefreshView.swift */,
				57BE56562A18EC5000715630 /* Settings */,
				39C419FE275DA3BB001F4B4E /* Sidebar */,
				39C419FF275DA3CC001F4B4E /* Detail */,
				578FFFED24E675EC00DA8DF1 /* AttributedText.swift */,
				39C41A19275DEDB1001F4B4E /* Certificate.swift */,
				39C41A1F275F2038001F4B4E /* CustomValue.swift */,
				578B3B9E24DC0444004D06C2 /* PlatformImage.swift */,
				39C41A09275DC4C2001F4B4E /* ScaledImage.swift */,
				39C41A06275DC410001F4B4E /* ScaledSystemImage.swift */,
				578B3BA824DC1FAD004D06C2 /* TextRow.swift */,
				578B3BB024DE5763004D06C2 /* TextTag.swift */,
			);
			path = Views;
			sourceTree = "<group>";
		};
		57BB578B24D81AB50090CDDF /* Helpers */ = {
			isa = PBXGroup;
			children = (
				57BB578924D81AB00090CDDF /* PayloadHelper.swift */,
				578F792F2A1C457400260FEF /* ProfileHelper.swift */,
				5770D8682958613900297B46 /* SparkleUpdater.swift */,
			);
			path = Helpers;
			sourceTree = "<group>";
		};
		57BE56562A18EC5000715630 /* Settings */ = {
			isa = PBXGroup;
			children = (
				5770D86A2958650E00297B46 /* SettingsView.swift */,
				5770D86C2958677F00297B46 /* SettingsGeneralView.swift */,
				57BD337A2A19258100AC94DA /* SettingsSyntaxHighlightingView.swift */,
				5770D86E2958685700297B46 /* SettingsAboutView.swift */,
			);
			path = Settings;
			sourceTree = "<group>";
		};
		57D4F7C524D6D6A500BC0648 = {
			isa = PBXGroup;
			children = (
				57D4F7D024D6D6A500BC0648 /* Low Profile */,
				5770D85F2958489D00297B46 /* Low Profile Tests */,
				57D4F7CF24D6D6A500BC0648 /* Products */,
			);
			sourceTree = "<group>";
		};
		57D4F7CF24D6D6A500BC0648 /* Products */ = {
			isa = PBXGroup;
			children = (
				57D4F7CE24D6D6A500BC0648 /* Low Profile.app */,
				5770D85E2958489D00297B46 /* LowProfileTests.xctest */,
			);
			name = Products;
			sourceTree = "<group>";
		};
		57D4F7D024D6D6A500BC0648 /* Low Profile */ = {
			isa = PBXGroup;
			children = (
				573F4D0324E81EB000E6136F /* AppCommands.swift */,
				578B3BC024E132D0004D06C2 /* AppDelegate.swift */,
				57D4F7D524D6D6A700BC0648 /* Assets.xcassets */,
				57D4F7FB24D6D8D100BC0648 /* Document.swift */,
				578F000424E8148D00DA8DF1 /* DocumentError.swift */,
				57D4F7DA24D6D6A700BC0648 /* Info.plist */,
				57D4F7D124D6D6A500BC0648 /* LowProfileApp.swift */,
				39C419F8275D9AA2001F4B4E /* Payloads.yaml */,
				57BB577C24D789F00090CDDF /* Extensions */,
				57BB578B24D81AB50090CDDF /* Helpers */,
				57BB577D24D78A270090CDDF /* Model */,
				57BB578424D7FDBB0090CDDF /* Views */,
			);
			path = "Low Profile";
			sourceTree = "<group>";
		};
/* End PBXGroup section */

/* Begin PBXNativeTarget section */
		5770D85D2958489D00297B46 /* LowProfileTests */ = {
			isa = PBXNativeTarget;
			buildConfigurationList = 5770D8622958489D00297B46 /* Build configuration list for PBXNativeTarget "LowProfileTests" */;
			buildPhases = (
				5770D85A2958489D00297B46 /* Sources */,
				5770D85B2958489D00297B46 /* Frameworks */,
				5770D85C2958489D00297B46 /* Resources */,
			);
			buildRules = (
			);
			dependencies = (
			);
			name = LowProfileTests;
			productName = "Low ProfileTests";
			productReference = 5770D85E2958489D00297B46 /* LowProfileTests.xctest */;
			productType = "com.apple.product-type.bundle.unit-test";
		};
		57D4F7CD24D6D6A500BC0648 /* Low Profile */ = {
			isa = PBXNativeTarget;
			buildConfigurationList = 57D4F7DE24D6D6A700BC0648 /* Build configuration list for PBXNativeTarget "Low Profile" */;
			buildPhases = (
				57D4F7CA24D6D6A500BC0648 /* Sources */,
				57D4F7CB24D6D6A500BC0648 /* Frameworks */,
				57D4F7CC24D6D6A500BC0648 /* Resources */,
				57D4F7E124D6D6DA00BC0648 /* Run SwiftLint */,
				39C419F7275CD5AE001F4B4E /* Run DrString */,
			);
			buildRules = (
			);
			dependencies = (
			);
			name = "Low Profile";
			packageProductDependencies = (
				5794E85C254A6B1A004A5942 /* ASN1Decoder */,
				39C419FC275D9AEC001F4B4E /* Yams */,
				5770D866295860DF00297B46 /* Sparkle */,
				5745C7272A9B070200744AAE /* Highlightr */,
			);
			productName = "Low Profile";
			productReference = 57D4F7CE24D6D6A500BC0648 /* Low Profile.app */;
			productType = "com.apple.product-type.application";
		};
/* End PBXNativeTarget section */

/* Begin PBXProject section */
		57D4F7C624D6D6A500BC0648 /* Project object */ = {
			isa = PBXProject;
			attributes = {
				BuildIndependentTargetsInParallel = YES;
				LastSwiftUpdateCheck = 1420;
				LastUpgradeCheck = 1500;
				TargetAttributes = {
					5770D85D2958489D00297B46 = {
						CreatedOnToolsVersion = 14.2;
					};
					57D4F7CD24D6D6A500BC0648 = {
						CreatedOnToolsVersion = 12.0;
					};
				};
			};
			buildConfigurationList = 57D4F7C924D6D6A500BC0648 /* Build configuration list for PBXProject "Low Profile" */;
			compatibilityVersion = "Xcode 9.3";
			developmentRegion = en;
			hasScannedForEncodings = 0;
			knownRegions = (
				en,
				Base,
			);
			mainGroup = 57D4F7C524D6D6A500BC0648;
			packageReferences = (
				5794E85B254A6B1A004A5942 /* XCRemoteSwiftPackageReference "ASN1Decoder" */,
				39C419FB275D9AEC001F4B4E /* XCRemoteSwiftPackageReference "Yams" */,
				5770D865295860DF00297B46 /* XCRemoteSwiftPackageReference "Sparkle" */,
				5745C7262A9B070200744AAE /* XCRemoteSwiftPackageReference "Highlightr" */,
			);
			productRefGroup = 57D4F7CF24D6D6A500BC0648 /* Products */;
			projectDirPath = "";
			projectRoot = "";
			targets = (
				57D4F7CD24D6D6A500BC0648 /* Low Profile */,
				5770D85D2958489D00297B46 /* LowProfileTests */,
			);
		};
/* End PBXProject section */

/* Begin PBXResourcesBuildPhase section */
		5770D85C2958489D00297B46 /* Resources */ = {
			isa = PBXResourcesBuildPhase;
			buildActionMask = 2147483647;
			files = (
			);
			runOnlyForDeploymentPostprocessing = 0;
		};
		57D4F7CC24D6D6A500BC0648 /* Resources */ = {
			isa = PBXResourcesBuildPhase;
			buildActionMask = 2147483647;
			files = (
				39C419F9275D9AA2001F4B4E /* Payloads.yaml in Resources */,
				57D4F7D624D6D6A700BC0648 /* Assets.xcassets in Resources */,
			);
			runOnlyForDeploymentPostprocessing = 0;
		};
/* End PBXResourcesBuildPhase section */

/* Begin PBXShellScriptBuildPhase section */
		39C419F7275CD5AE001F4B4E /* Run DrString */ = {
			isa = PBXShellScriptBuildPhase;
			alwaysOutOfDate = 1;
			buildActionMask = 2147483647;
			files = (
			);
			inputFileListPaths = (
			);
			inputPaths = (
			);
			name = "Run DrString";
			outputFileListPaths = (
			);
			outputPaths = (
			);
			runOnlyForDeploymentPostprocessing = 0;
			shellPath = "/usr/bin/env bash";
			shellScript = "export PATH=\"$PATH:/opt/homebrew/bin\"\n\nif which drstring > /dev/null ; then\n  drstring check --config-file \"$SRCROOT/.drstring.toml\" || true\nelse\n  echo \"warning: DrString not installed, download from https://github.com/dduan/DrString\"\nfi\n\nexit 0\n";
		};
		57D4F7E124D6D6DA00BC0648 /* Run SwiftLint */ = {
			isa = PBXShellScriptBuildPhase;
			alwaysOutOfDate = 1;
			buildActionMask = 2147483647;
			files = (
			);
			inputFileListPaths = (
			);
			inputPaths = (
			);
			name = "Run SwiftLint";
			outputFileListPaths = (
			);
			outputPaths = (
			);
			runOnlyForDeploymentPostprocessing = 0;
			shellPath = "/usr/bin/env bash";
			shellScript = "export PATH=\"$PATH:/opt/homebrew/bin\"\n\nif which swiftlint > /dev/null ; then\n  swiftlint\nelse\n  echo \"warning: SwiftLint not installed, download from https://github.com/realm/SwiftLint\"\nfi\n\nexit 0\n";
		};
/* End PBXShellScriptBuildPhase section */

/* Begin PBXSourcesBuildPhase section */
		5770D85A2958489D00297B46 /* Sources */ = {
			isa = PBXSourcesBuildPhase;
			buildActionMask = 2147483647;
			files = (
				5770D8612958489D00297B46 /* LowProfileTests.swift in Sources */,
			);
			runOnlyForDeploymentPostprocessing = 0;
		};
		57D4F7CA24D6D6A500BC0648 /* Sources */ = {
			isa = PBXSourcesBuildPhase;
			buildActionMask = 2147483647;
			files = (
				39D0056C27D31D220027A6E5 /* RefreshView.swift in Sources */,
				57BD337B2A19258100AC94DA /* SettingsSyntaxHighlightingView.swift in Sources */,
				578B3BA124DC05B2004D06C2 /* Platform.swift in Sources */,
				578B3B9B24DAB51F004D06C2 /* Property.swift in Sources */,
				5770D8692958613900297B46 /* SparkleUpdater.swift in Sources */,
				578B3BA924DC1FAD004D06C2 /* TextRow.swift in Sources */,
				5770D86B2958650E00297B46 /* SettingsView.swift in Sources */,
				578B3BC124E132D0004D06C2 /* AppDelegate.swift in Sources */,
				5770D86F2958685700297B46 /* SettingsAboutView.swift in Sources */,
				57D4F7FE24D6E46400BC0648 /* UTType+Extension.swift in Sources */,
				39C41A17275DDA5F001F4B4E /* DetailDiscussion.swift in Sources */,
				39C41A07275DC410001F4B4E /* ScaledSystemImage.swift in Sources */,
				578B3BC324E143CD004D06C2 /* DetailCertificates.swift in Sources */,
				57D4F7D424D6D6A500BC0648 /* DocumentView.swift in Sources */,
				39C41A20275F2038001F4B4E /* CustomValue.swift in Sources */,
				57D4F7FC24D6D8D100BC0648 /* Document.swift in Sources */,
				39C41A14275DCED3001F4B4E /* DetailPayloadPropertiesTrailing.swift in Sources */,
				57BB578124D78B2C0090CDDF /* Profile.swift in Sources */,
				578F000524E8148D00DA8DF1 /* DocumentError.swift in Sources */,
				39C41A1A275DEDB1001F4B4E /* Certificate.swift in Sources */,
				39C41A0E275DCCE8001F4B4E /* DetailPayloadPropertiesMetadata.swift in Sources */,
				578B3BBF24DFD64E004D06C2 /* DetailPayloadProperties.swift in Sources */,
				57BB578324D7FD330090CDDF /* SidebarPayloadRow.swift in Sources */,
				578B3B9F24DC0444004D06C2 /* PlatformImage.swift in Sources */,
				39D0056827D0916B0027A6E5 /* SidebarProfileRow.swift in Sources */,
				39C41A01275DAED9001F4B4E /* DetailHeading.swift in Sources */,
				578B3BB124DE5763004D06C2 /* TextTag.swift in Sources */,
				39C41A04275DB04E001F4B4E /* DetailHighLevel.swift in Sources */,
				39C41A0A275DC4C2001F4B4E /* ScaledImage.swift in Sources */,
				57BB578A24D81AB00090CDDF /* PayloadHelper.swift in Sources */,
				578B3BB724DE7088004D06C2 /* String+Extension.swift in Sources */,
				578B3BA324DC08B8004D06C2 /* Availability.swift in Sources */,
				57BB577B24D789E70090CDDF /* Payload.swift in Sources */,
				578FFFEE24E675ED00DA8DF1 /* AttributedText.swift in Sources */,
				578F79302A1C457400260FEF /* ProfileHelper.swift in Sources */,
				5770D86D2958677F00297B46 /* SettingsGeneralView.swift in Sources */,
				573F4D0424E81EB000E6136F /* AppCommands.swift in Sources */,
				57D4F7D224D6D6A500BC0648 /* LowProfileApp.swift in Sources */,
				392BC50927CF7940009D77D8 /* ContentView.swift in Sources */,
				578B3B9724DAA522004D06C2 /* DetailInformation.swift in Sources */,
				5745C72A2A9B09BB00744AAE /* Highlightr+Extension.swift in Sources */,
				57BB578624D802270090CDDF /* Detail.swift in Sources */,
				578FFFF124E7AB5D00DA8DF1 /* DetailPropertyList.swift in Sources */,
				39C41A11275DCE52001F4B4E /* DetailPayloadPropertiesLeading.swift in Sources */,
			);
			runOnlyForDeploymentPostprocessing = 0;
		};
/* End PBXSourcesBuildPhase section */

/* Begin XCBuildConfiguration section */
		5770D8632958489D00297B46 /* Debug */ = {
			isa = XCBuildConfiguration;
			buildSettings = {
				CLANG_CXX_LANGUAGE_STANDARD = "gnu++20";
				"CODE_SIGN_IDENTITY[sdk=macosx*]" = "Developer ID Application";
				CODE_SIGN_STYLE = Manual;
				CURRENT_PROJECT_VERSION = 1;
				DEVELOPMENT_TEAM = "";
				"DEVELOPMENT_TEAM[sdk=macosx*]" = 7K3HVCLV7Z;
				GENERATE_INFOPLIST_FILE = YES;
				MACOSX_DEPLOYMENT_TARGET = 13.0;
				MARKETING_VERSION = 1.0;
				PRODUCT_BUNDLE_IDENTIFIER = con.ninxsoft.lowprofile.tests;
				PRODUCT_NAME = "$(TARGET_NAME)";
				PROVISIONING_PROFILE_SPECIFIER = "";
				SWIFT_EMIT_LOC_STRINGS = NO;
				SWIFT_VERSION = 5.0;
			};
			name = Debug;
		};
		5770D8642958489D00297B46 /* Release */ = {
			isa = XCBuildConfiguration;
			buildSettings = {
				CLANG_CXX_LANGUAGE_STANDARD = "gnu++20";
				"CODE_SIGN_IDENTITY[sdk=macosx*]" = "Developer ID Application";
				CODE_SIGN_STYLE = Manual;
				CURRENT_PROJECT_VERSION = 1;
				DEVELOPMENT_TEAM = "";
				"DEVELOPMENT_TEAM[sdk=macosx*]" = 7K3HVCLV7Z;
				GENERATE_INFOPLIST_FILE = YES;
				MACOSX_DEPLOYMENT_TARGET = 13.0;
				MARKETING_VERSION = 1.0;
				PRODUCT_BUNDLE_IDENTIFIER = con.ninxsoft.lowprofile.tests;
				PRODUCT_NAME = "$(TARGET_NAME)";
				PROVISIONING_PROFILE_SPECIFIER = "";
				SWIFT_EMIT_LOC_STRINGS = NO;
				SWIFT_VERSION = 5.0;
			};
			name = Release;
		};
		57D4F7DC24D6D6A700BC0648 /* Debug */ = {
			isa = XCBuildConfiguration;
			buildSettings = {
				ALWAYS_SEARCH_USER_PATHS = NO;
				ASSETCATALOG_COMPILER_GENERATE_SWIFT_ASSET_SYMBOL_EXTENSIONS = YES;
				CLANG_ANALYZER_NONNULL = YES;
				CLANG_ANALYZER_NUMBER_OBJECT_CONVERSION = YES_AGGRESSIVE;
				CLANG_CXX_LANGUAGE_STANDARD = "gnu++14";
				CLANG_CXX_LIBRARY = "libc++";
				CLANG_ENABLE_MODULES = YES;
				CLANG_ENABLE_OBJC_ARC = YES;
				CLANG_ENABLE_OBJC_WEAK = YES;
				CLANG_WARN_BLOCK_CAPTURE_AUTORELEASING = YES;
				CLANG_WARN_BOOL_CONVERSION = YES;
				CLANG_WARN_COMMA = YES;
				CLANG_WARN_CONSTANT_CONVERSION = YES;
				CLANG_WARN_DEPRECATED_OBJC_IMPLEMENTATIONS = YES;
				CLANG_WARN_DIRECT_OBJC_ISA_USAGE = YES_ERROR;
				CLANG_WARN_DOCUMENTATION_COMMENTS = YES;
				CLANG_WARN_EMPTY_BODY = YES;
				CLANG_WARN_ENUM_CONVERSION = YES;
				CLANG_WARN_INFINITE_RECURSION = YES;
				CLANG_WARN_INT_CONVERSION = YES;
				CLANG_WARN_NON_LITERAL_NULL_CONVERSION = YES;
				CLANG_WARN_OBJC_IMPLICIT_RETAIN_SELF = YES;
				CLANG_WARN_OBJC_LITERAL_CONVERSION = YES;
				CLANG_WARN_OBJC_ROOT_CLASS = YES_ERROR;
				CLANG_WARN_QUOTED_INCLUDE_IN_FRAMEWORK_HEADER = YES;
				CLANG_WARN_RANGE_LOOP_ANALYSIS = YES;
				CLANG_WARN_STRICT_PROTOTYPES = YES;
				CLANG_WARN_SUSPICIOUS_MOVE = YES;
				CLANG_WARN_UNGUARDED_AVAILABILITY = YES_AGGRESSIVE;
				CLANG_WARN_UNREACHABLE_CODE = YES;
				CLANG_WARN__DUPLICATE_METHOD_MATCH = YES;
				COPY_PHASE_STRIP = NO;
				DEAD_CODE_STRIPPING = YES;
				DEBUG_INFORMATION_FORMAT = dwarf;
				ENABLE_STRICT_OBJC_MSGSEND = YES;
				ENABLE_TESTABILITY = YES;
				GCC_C_LANGUAGE_STANDARD = gnu11;
				GCC_DYNAMIC_NO_PIC = NO;
				GCC_NO_COMMON_BLOCKS = YES;
				GCC_OPTIMIZATION_LEVEL = 0;
				GCC_PREPROCESSOR_DEFINITIONS = (
					"DEBUG=1",
					"$(inherited)",
				);
				GCC_WARN_64_TO_32_BIT_CONVERSION = YES;
				GCC_WARN_ABOUT_RETURN_TYPE = YES_ERROR;
				GCC_WARN_UNDECLARED_SELECTOR = YES;
				GCC_WARN_UNINITIALIZED_AUTOS = YES_AGGRESSIVE;
				GCC_WARN_UNUSED_FUNCTION = YES;
				GCC_WARN_UNUSED_VARIABLE = YES;
				MACOSX_DEPLOYMENT_TARGET = 13.0;
				MTL_ENABLE_DEBUG_INFO = INCLUDE_SOURCE;
				MTL_FAST_MATH = YES;
				ONLY_ACTIVE_ARCH = YES;
				SDKROOT = macosx;
				SWIFT_ACTIVE_COMPILATION_CONDITIONS = DEBUG;
				SWIFT_OPTIMIZATION_LEVEL = "-Onone";
			};
			name = Debug;
		};
		57D4F7DD24D6D6A700BC0648 /* Release */ = {
			isa = XCBuildConfiguration;
			buildSettings = {
				ALWAYS_SEARCH_USER_PATHS = NO;
				ASSETCATALOG_COMPILER_GENERATE_SWIFT_ASSET_SYMBOL_EXTENSIONS = YES;
				CLANG_ANALYZER_NONNULL = YES;
				CLANG_ANALYZER_NUMBER_OBJECT_CONVERSION = YES_AGGRESSIVE;
				CLANG_CXX_LANGUAGE_STANDARD = "gnu++14";
				CLANG_CXX_LIBRARY = "libc++";
				CLANG_ENABLE_MODULES = YES;
				CLANG_ENABLE_OBJC_ARC = YES;
				CLANG_ENABLE_OBJC_WEAK = YES;
				CLANG_WARN_BLOCK_CAPTURE_AUTORELEASING = YES;
				CLANG_WARN_BOOL_CONVERSION = YES;
				CLANG_WARN_COMMA = YES;
				CLANG_WARN_CONSTANT_CONVERSION = YES;
				CLANG_WARN_DEPRECATED_OBJC_IMPLEMENTATIONS = YES;
				CLANG_WARN_DIRECT_OBJC_ISA_USAGE = YES_ERROR;
				CLANG_WARN_DOCUMENTATION_COMMENTS = YES;
				CLANG_WARN_EMPTY_BODY = YES;
				CLANG_WARN_ENUM_CONVERSION = YES;
				CLANG_WARN_INFINITE_RECURSION = YES;
				CLANG_WARN_INT_CONVERSION = YES;
				CLANG_WARN_NON_LITERAL_NULL_CONVERSION = YES;
				CLANG_WARN_OBJC_IMPLICIT_RETAIN_SELF = YES;
				CLANG_WARN_OBJC_LITERAL_CONVERSION = YES;
				CLANG_WARN_OBJC_ROOT_CLASS = YES_ERROR;
				CLANG_WARN_QUOTED_INCLUDE_IN_FRAMEWORK_HEADER = YES;
				CLANG_WARN_RANGE_LOOP_ANALYSIS = YES;
				CLANG_WARN_STRICT_PROTOTYPES = YES;
				CLANG_WARN_SUSPICIOUS_MOVE = YES;
				CLANG_WARN_UNGUARDED_AVAILABILITY = YES_AGGRESSIVE;
				CLANG_WARN_UNREACHABLE_CODE = YES;
				CLANG_WARN__DUPLICATE_METHOD_MATCH = YES;
				COPY_PHASE_STRIP = NO;
				DEAD_CODE_STRIPPING = YES;
				DEBUG_INFORMATION_FORMAT = "dwarf-with-dsym";
				ENABLE_NS_ASSERTIONS = NO;
				ENABLE_STRICT_OBJC_MSGSEND = YES;
				GCC_C_LANGUAGE_STANDARD = gnu11;
				GCC_NO_COMMON_BLOCKS = YES;
				GCC_WARN_64_TO_32_BIT_CONVERSION = YES;
				GCC_WARN_ABOUT_RETURN_TYPE = YES_ERROR;
				GCC_WARN_UNDECLARED_SELECTOR = YES;
				GCC_WARN_UNINITIALIZED_AUTOS = YES_AGGRESSIVE;
				GCC_WARN_UNUSED_FUNCTION = YES;
				GCC_WARN_UNUSED_VARIABLE = YES;
				MACOSX_DEPLOYMENT_TARGET = 13.0;
				MTL_ENABLE_DEBUG_INFO = NO;
				MTL_FAST_MATH = YES;
				SDKROOT = macosx;
				SWIFT_COMPILATION_MODE = wholemodule;
				SWIFT_OPTIMIZATION_LEVEL = "-O";
			};
			name = Release;
		};
		57D4F7DF24D6D6A700BC0648 /* Debug */ = {
			isa = XCBuildConfiguration;
			buildSettings = {
				ASSETCATALOG_COMPILER_APPICON_NAME = AppIcon;
				ASSETCATALOG_COMPILER_GLOBAL_ACCENT_COLOR_NAME = AccentColor;
				CODE_SIGN_IDENTITY = "Apple Development";
				"CODE_SIGN_IDENTITY[sdk=macosx*]" = "Developer ID Application";
				CODE_SIGN_STYLE = Manual;
				COMBINE_HIDPI_IMAGES = YES;
				CURRENT_PROJECT_VERSION = 301;
				DEAD_CODE_STRIPPING = YES;
				DEVELOPMENT_ASSET_PATHS = "";
				DEVELOPMENT_TEAM = 7K3HVCLV7Z;
				ENABLE_HARDENED_RUNTIME = YES;
				ENABLE_PREVIEWS = YES;
				INFOPLIST_FILE = "Low Profile/Info.plist";
				LD_RUNPATH_SEARCH_PATHS = (
					"$(inherited)",
					"@executable_path/../Frameworks",
				);
				MACOSX_DEPLOYMENT_TARGET = 13.0;
				MARKETING_VERSION = 3.0.1;
				PRODUCT_BUNDLE_IDENTIFIER = com.ninxsoft.lowprofile;
				PRODUCT_NAME = "$(TARGET_NAME)";
				PROVISIONING_PROFILE_SPECIFIER = "";
				SWIFT_VERSION = 5.0;
			};
			name = Debug;
		};
		57D4F7E024D6D6A700BC0648 /* Release */ = {
			isa = XCBuildConfiguration;
			buildSettings = {
				ASSETCATALOG_COMPILER_APPICON_NAME = AppIcon;
				ASSETCATALOG_COMPILER_GLOBAL_ACCENT_COLOR_NAME = AccentColor;
				CODE_SIGN_IDENTITY = "Apple Development";
				"CODE_SIGN_IDENTITY[sdk=macosx*]" = "Developer ID Application";
				CODE_SIGN_STYLE = Manual;
				COMBINE_HIDPI_IMAGES = YES;
				CURRENT_PROJECT_VERSION = 301;
				DEAD_CODE_STRIPPING = YES;
				DEVELOPMENT_ASSET_PATHS = "";
				DEVELOPMENT_TEAM = 7K3HVCLV7Z;
				ENABLE_HARDENED_RUNTIME = YES;
				ENABLE_PREVIEWS = YES;
				INFOPLIST_FILE = "Low Profile/Info.plist";
				LD_RUNPATH_SEARCH_PATHS = (
					"$(inherited)",
					"@executable_path/../Frameworks",
				);
				MACOSX_DEPLOYMENT_TARGET = 13.0;
				MARKETING_VERSION = 3.0.1;
				PRODUCT_BUNDLE_IDENTIFIER = com.ninxsoft.lowprofile;
				PRODUCT_NAME = "$(TARGET_NAME)";
				PROVISIONING_PROFILE_SPECIFIER = "";
				SWIFT_VERSION = 5.0;
			};
			name = Release;
		};
/* End XCBuildConfiguration section */

/* Begin XCConfigurationList section */
		5770D8622958489D00297B46 /* Build configuration list for PBXNativeTarget "LowProfileTests" */ = {
			isa = XCConfigurationList;
			buildConfigurations = (
				5770D8632958489D00297B46 /* Debug */,
				5770D8642958489D00297B46 /* Release */,
			);
			defaultConfigurationIsVisible = 0;
			defaultConfigurationName = Release;
		};
		57D4F7C924D6D6A500BC0648 /* Build configuration list for PBXProject "Low Profile" */ = {
			isa = XCConfigurationList;
			buildConfigurations = (
				57D4F7DC24D6D6A700BC0648 /* Debug */,
				57D4F7DD24D6D6A700BC0648 /* Release */,
			);
			defaultConfigurationIsVisible = 0;
			defaultConfigurationName = Release;
		};
		57D4F7DE24D6D6A700BC0648 /* Build configuration list for PBXNativeTarget "Low Profile" */ = {
			isa = XCConfigurationList;
			buildConfigurations = (
				57D4F7DF24D6D6A700BC0648 /* Debug */,
				57D4F7E024D6D6A700BC0648 /* Release */,
			);
			defaultConfigurationIsVisible = 0;
			defaultConfigurationName = Release;
		};
/* End XCConfigurationList section */

/* Begin XCRemoteSwiftPackageReference section */
		39C419FB275D9AEC001F4B4E /* XCRemoteSwiftPackageReference "Yams" */ = {
			isa = XCRemoteSwiftPackageReference;
			repositoryURL = "https://github.com/jpsim/Yams.git";
			requirement = {
				kind = upToNextMajorVersion;
				minimumVersion = 5.0.6;
			};
		};
		5745C7262A9B070200744AAE /* XCRemoteSwiftPackageReference "Highlightr" */ = {
			isa = XCRemoteSwiftPackageReference;
			repositoryURL = "https://github.com/raspu/Highlightr";
			requirement = {
				kind = upToNextMajorVersion;
				minimumVersion = 2.1.2;
			};
		};
		5770D865295860DF00297B46 /* XCRemoteSwiftPackageReference "Sparkle" */ = {
			isa = XCRemoteSwiftPackageReference;
			repositoryURL = "https://github.com/sparkle-project/Sparkle";
			requirement = {
				kind = upToNextMajorVersion;
				minimumVersion = 2.4.2;
			};
		};
		5794E85B254A6B1A004A5942 /* XCRemoteSwiftPackageReference "ASN1Decoder" */ = {
			isa = XCRemoteSwiftPackageReference;
			repositoryURL = "https://github.com/filom/ASN1Decoder.git";
			requirement = {
				kind = upToNextMajorVersion;
				minimumVersion = 1.8.0;
			};
		};
/* End XCRemoteSwiftPackageReference section */

/* Begin XCSwiftPackageProductDependency section */
		39C419FC275D9AEC001F4B4E /* Yams */ = {
			isa = XCSwiftPackageProductDependency;
			package = 39C419FB275D9AEC001F4B4E /* XCRemoteSwiftPackageReference "Yams" */;
			productName = Yams;
		};
		5745C7272A9B070200744AAE /* Highlightr */ = {
			isa = XCSwiftPackageProductDependency;
			package = 5745C7262A9B070200744AAE /* XCRemoteSwiftPackageReference "Highlightr" */;
			productName = Highlightr;
		};
		5770D866295860DF00297B46 /* Sparkle */ = {
			isa = XCSwiftPackageProductDependency;
			package = 5770D865295860DF00297B46 /* XCRemoteSwiftPackageReference "Sparkle" */;
			productName = Sparkle;
		};
		5794E85C254A6B1A004A5942 /* ASN1Decoder */ = {
			isa = XCSwiftPackageProductDependency;
			package = 5794E85B254A6B1A004A5942 /* XCRemoteSwiftPackageReference "ASN1Decoder" */;
			productName = ASN1Decoder;
		};
/* End XCSwiftPackageProductDependency section */
	};
	rootObject = 57D4F7C624D6D6A500BC0648 /* Project object */;
}
