// !$*UTF8*$!
{
	archiveVersion = 1;
	classes = {
	};
	objectVersion = 52;
	objects = {

/* Begin PBXBuildFile section */
		57301B6124E24C4D00814349 /* Quartz.framework in Frameworks */ = {isa = PBXBuildFile; fileRef = 57D4F7EA24D6D85D00BC0648 /* Quartz.framework */; };
		57301B6424E24C4D00814349 /* PreviewViewController.swift in Sources */ = {isa = PBXBuildFile; fileRef = 57301B6324E24C4D00814349 /* PreviewViewController.swift */; };
		57301B6724E24C4D00814349 /* PreviewViewController.xib in Resources */ = {isa = PBXBuildFile; fileRef = 57301B6524E24C4D00814349 /* PreviewViewController.xib */; };
		57301B7024E273D300814349 /* ContentView.swift in Sources */ = {isa = PBXBuildFile; fileRef = 57D4F7D324D6D6A500BC0648 /* ContentView.swift */; };
		57301B7124E273EB00814349 /* Profile.swift in Sources */ = {isa = PBXBuildFile; fileRef = 57BB578024D78B2C0090CDDF /* Profile.swift */; };
		57301B7224E273EF00814349 /* Payload.swift in Sources */ = {isa = PBXBuildFile; fileRef = 57BB577A24D789E70090CDDF /* Payload.swift */; };
		57301B7324E273EF00814349 /* Platform.swift in Sources */ = {isa = PBXBuildFile; fileRef = 578B3BA024DC05B2004D06C2 /* Platform.swift */; };
		57301B7424E273EF00814349 /* Property.swift in Sources */ = {isa = PBXBuildFile; fileRef = 578B3B9A24DAB51F004D06C2 /* Property.swift */; };
		57301B7624E273EF00814349 /* Availability.swift in Sources */ = {isa = PBXBuildFile; fileRef = 578B3BA224DC08B8004D06C2 /* Availability.swift */; };
		57301B7724E273F300814349 /* TextRow.swift in Sources */ = {isa = PBXBuildFile; fileRef = 578B3BA824DC1FAD004D06C2 /* TextRow.swift */; };
		57301B7824E273F300814349 /* PayloadProperties.swift in Sources */ = {isa = PBXBuildFile; fileRef = 578B3BBE24DFD64E004D06C2 /* PayloadProperties.swift */; };
		57301B7924E273F300814349 /* PayloadProperty.swift in Sources */ = {isa = PBXBuildFile; fileRef = 578B3B9C24DABB23004D06C2 /* PayloadProperty.swift */; };
		57301B7A24E273F300814349 /* UnselectedDetail.swift in Sources */ = {isa = PBXBuildFile; fileRef = 578B3B9424DAA318004D06C2 /* UnselectedDetail.swift */; };
		57301B7B24E273F300814349 /* PlatformTag.swift in Sources */ = {isa = PBXBuildFile; fileRef = 578B3B9E24DC0444004D06C2 /* PlatformTag.swift */; };
		57301B7C24E273F300814349 /* TextTag.swift in Sources */ = {isa = PBXBuildFile; fileRef = 578B3BB024DE5763004D06C2 /* TextTag.swift */; };
		57301B7D24E273F300814349 /* DetailHeadingPlatforms.swift in Sources */ = {isa = PBXBuildFile; fileRef = 578B3BAC24DE4F9D004D06C2 /* DetailHeadingPlatforms.swift */; };
		57301B7E24E273F300814349 /* Sidebar.swift in Sources */ = {isa = PBXBuildFile; fileRef = 578B3B9224DAA193004D06C2 /* Sidebar.swift */; };
		57301B8024E273F300814349 /* SidebarRow.swift in Sources */ = {isa = PBXBuildFile; fileRef = 57BB578224D7FD330090CDDF /* SidebarRow.swift */; };
		57301B8124E273F300814349 /* DetailInformation.swift in Sources */ = {isa = PBXBuildFile; fileRef = 578B3B9624DAA522004D06C2 /* DetailInformation.swift */; };
		57301B8224E273F300814349 /* DetailAvailability.swift in Sources */ = {isa = PBXBuildFile; fileRef = 578B3BB824DE78B1004D06C2 /* DetailAvailability.swift */; };
		57301B8324E273F300814349 /* DetailCertificate.swift in Sources */ = {isa = PBXBuildFile; fileRef = 578B3BC224E143CD004D06C2 /* DetailCertificate.swift */; };
		57301B8424E273F300814349 /* Detail.swift in Sources */ = {isa = PBXBuildFile; fileRef = 57BB578524D802270090CDDF /* Detail.swift */; };
		57301B8524E273F300814349 /* DetailHeading.swift in Sources */ = {isa = PBXBuildFile; fileRef = 578B3BAA24DE4D90004D06C2 /* DetailHeading.swift */; };
		57301B8624E273F300814349 /* DetailDiscussion.swift in Sources */ = {isa = PBXBuildFile; fileRef = 578B3BBC24DFB7CE004D06C2 /* DetailDiscussion.swift */; };
		57301B8724E273FD00814349 /* String+Extension.swift in Sources */ = {isa = PBXBuildFile; fileRef = 578B3BB624DE7088004D06C2 /* String+Extension.swift */; };
		57301B8824E2740200814349 /* UTType+Extension.swift in Sources */ = {isa = PBXBuildFile; fileRef = 57D4F7FD24D6E46400BC0648 /* UTType+Extension.swift */; };
		57301B8924E2741D00814349 /* PayloadHelper.swift in Sources */ = {isa = PBXBuildFile; fileRef = 57BB578924D81AB00090CDDF /* PayloadHelper.swift */; };
		57301B9E24E3CDBE00814349 /* ASN1Decoder in Frameworks */ = {isa = PBXBuildFile; productRef = 57301B9D24E3CDBE00814349 /* ASN1Decoder */; };
		57301BA024E3CDF800814349 /* ASN1Decoder in Frameworks */ = {isa = PBXBuildFile; productRef = 57301B9F24E3CDF800814349 /* ASN1Decoder */; };
		57301BA124E3FE2600814349 /* Assets.xcassets in Resources */ = {isa = PBXBuildFile; fileRef = 57D4F7D524D6D6A700BC0648 /* Assets.xcassets */; };
		57301BA324E41CEB00814349 /* Payloads.plist in Resources */ = {isa = PBXBuildFile; fileRef = 57BB578724D818F00090CDDF /* Payloads.plist */; };
		573F4D0424E81EB000E6136F /* AppCommands.swift in Sources */ = {isa = PBXBuildFile; fileRef = 573F4D0324E81EB000E6136F /* AppCommands.swift */; };
		578B3B9324DAA193004D06C2 /* Sidebar.swift in Sources */ = {isa = PBXBuildFile; fileRef = 578B3B9224DAA193004D06C2 /* Sidebar.swift */; };
		578B3B9524DAA318004D06C2 /* UnselectedDetail.swift in Sources */ = {isa = PBXBuildFile; fileRef = 578B3B9424DAA318004D06C2 /* UnselectedDetail.swift */; };
		578B3B9724DAA522004D06C2 /* DetailInformation.swift in Sources */ = {isa = PBXBuildFile; fileRef = 578B3B9624DAA522004D06C2 /* DetailInformation.swift */; };
		578B3B9B24DAB51F004D06C2 /* Property.swift in Sources */ = {isa = PBXBuildFile; fileRef = 578B3B9A24DAB51F004D06C2 /* Property.swift */; };
		578B3B9D24DABB23004D06C2 /* PayloadProperty.swift in Sources */ = {isa = PBXBuildFile; fileRef = 578B3B9C24DABB23004D06C2 /* PayloadProperty.swift */; };
		578B3B9F24DC0444004D06C2 /* PlatformTag.swift in Sources */ = {isa = PBXBuildFile; fileRef = 578B3B9E24DC0444004D06C2 /* PlatformTag.swift */; };
		578B3BA124DC05B2004D06C2 /* Platform.swift in Sources */ = {isa = PBXBuildFile; fileRef = 578B3BA024DC05B2004D06C2 /* Platform.swift */; };
		578B3BA324DC08B8004D06C2 /* Availability.swift in Sources */ = {isa = PBXBuildFile; fileRef = 578B3BA224DC08B8004D06C2 /* Availability.swift */; };
		578B3BA924DC1FAD004D06C2 /* TextRow.swift in Sources */ = {isa = PBXBuildFile; fileRef = 578B3BA824DC1FAD004D06C2 /* TextRow.swift */; };
		578B3BAB24DE4D90004D06C2 /* DetailHeading.swift in Sources */ = {isa = PBXBuildFile; fileRef = 578B3BAA24DE4D90004D06C2 /* DetailHeading.swift */; };
		578B3BAD24DE4F9D004D06C2 /* DetailHeadingPlatforms.swift in Sources */ = {isa = PBXBuildFile; fileRef = 578B3BAC24DE4F9D004D06C2 /* DetailHeadingPlatforms.swift */; };
		578B3BB124DE5763004D06C2 /* TextTag.swift in Sources */ = {isa = PBXBuildFile; fileRef = 578B3BB024DE5763004D06C2 /* TextTag.swift */; };
		578B3BB724DE7088004D06C2 /* String+Extension.swift in Sources */ = {isa = PBXBuildFile; fileRef = 578B3BB624DE7088004D06C2 /* String+Extension.swift */; };
		578B3BB924DE78B1004D06C2 /* DetailAvailability.swift in Sources */ = {isa = PBXBuildFile; fileRef = 578B3BB824DE78B1004D06C2 /* DetailAvailability.swift */; };
		578B3BBD24DFB7CE004D06C2 /* DetailDiscussion.swift in Sources */ = {isa = PBXBuildFile; fileRef = 578B3BBC24DFB7CE004D06C2 /* DetailDiscussion.swift */; };
		578B3BBF24DFD64E004D06C2 /* PayloadProperties.swift in Sources */ = {isa = PBXBuildFile; fileRef = 578B3BBE24DFD64E004D06C2 /* PayloadProperties.swift */; };
		578B3BC124E132D0004D06C2 /* AppDelegate.swift in Sources */ = {isa = PBXBuildFile; fileRef = 578B3BC024E132D0004D06C2 /* AppDelegate.swift */; };
		578B3BC324E143CD004D06C2 /* DetailCertificate.swift in Sources */ = {isa = PBXBuildFile; fileRef = 578B3BC224E143CD004D06C2 /* DetailCertificate.swift */; };
		578F000524E8148D00DA8DF1 /* DocumentError.swift in Sources */ = {isa = PBXBuildFile; fileRef = 578F000424E8148D00DA8DF1 /* DocumentError.swift */; };
		578F000624E8148D00DA8DF1 /* DocumentError.swift in Sources */ = {isa = PBXBuildFile; fileRef = 578F000424E8148D00DA8DF1 /* DocumentError.swift */; };
		578FFFEE24E675ED00DA8DF1 /* AttributedText.swift in Sources */ = {isa = PBXBuildFile; fileRef = 578FFFED24E675EC00DA8DF1 /* AttributedText.swift */; };
		578FFFEF24E675ED00DA8DF1 /* AttributedText.swift in Sources */ = {isa = PBXBuildFile; fileRef = 578FFFED24E675EC00DA8DF1 /* AttributedText.swift */; };
		578FFFF124E7AB5D00DA8DF1 /* DetailPropertyList.swift in Sources */ = {isa = PBXBuildFile; fileRef = 578FFFF024E7AB5D00DA8DF1 /* DetailPropertyList.swift */; };
		578FFFF224E7AB5D00DA8DF1 /* DetailPropertyList.swift in Sources */ = {isa = PBXBuildFile; fileRef = 578FFFF024E7AB5D00DA8DF1 /* DetailPropertyList.swift */; };
		578FFFF724E7B49800DA8DF1 /* PropertyListText.swift in Sources */ = {isa = PBXBuildFile; fileRef = 578FFFF624E7B49800DA8DF1 /* PropertyListText.swift */; };
		578FFFF824E7B49800DA8DF1 /* PropertyListText.swift in Sources */ = {isa = PBXBuildFile; fileRef = 578FFFF624E7B49800DA8DF1 /* PropertyListText.swift */; };
		57BB577B24D789E70090CDDF /* Payload.swift in Sources */ = {isa = PBXBuildFile; fileRef = 57BB577A24D789E70090CDDF /* Payload.swift */; };
		57BB578124D78B2C0090CDDF /* Profile.swift in Sources */ = {isa = PBXBuildFile; fileRef = 57BB578024D78B2C0090CDDF /* Profile.swift */; };
		57BB578324D7FD330090CDDF /* SidebarRow.swift in Sources */ = {isa = PBXBuildFile; fileRef = 57BB578224D7FD330090CDDF /* SidebarRow.swift */; };
		57BB578624D802270090CDDF /* Detail.swift in Sources */ = {isa = PBXBuildFile; fileRef = 57BB578524D802270090CDDF /* Detail.swift */; };
		57BB578824D818F00090CDDF /* Payloads.plist in Resources */ = {isa = PBXBuildFile; fileRef = 57BB578724D818F00090CDDF /* Payloads.plist */; };
		57BB578A24D81AB00090CDDF /* PayloadHelper.swift in Sources */ = {isa = PBXBuildFile; fileRef = 57BB578924D81AB00090CDDF /* PayloadHelper.swift */; };
		57D4F7D224D6D6A500BC0648 /* LowProfileApp.swift in Sources */ = {isa = PBXBuildFile; fileRef = 57D4F7D124D6D6A500BC0648 /* LowProfileApp.swift */; };
		57D4F7D424D6D6A500BC0648 /* ContentView.swift in Sources */ = {isa = PBXBuildFile; fileRef = 57D4F7D324D6D6A500BC0648 /* ContentView.swift */; };
		57D4F7D624D6D6A700BC0648 /* Assets.xcassets in Resources */ = {isa = PBXBuildFile; fileRef = 57D4F7D524D6D6A700BC0648 /* Assets.xcassets */; };
		57D4F7FC24D6D8D100BC0648 /* Document.swift in Sources */ = {isa = PBXBuildFile; fileRef = 57D4F7FB24D6D8D100BC0648 /* Document.swift */; };
		57D4F7FE24D6E46400BC0648 /* UTType+Extension.swift in Sources */ = {isa = PBXBuildFile; fileRef = 57D4F7FD24D6E46400BC0648 /* UTType+Extension.swift */; };
/* End PBXBuildFile section */

/* Begin PBXFileReference section */
		57301B6024E24C4D00814349 /* Low Profile - Quick Look.appex */ = {isa = PBXFileReference; explicitFileType = "wrapper.app-extension"; includeInIndex = 0; path = "Low Profile - Quick Look.appex"; sourceTree = BUILT_PRODUCTS_DIR; };
		57301B6324E24C4D00814349 /* PreviewViewController.swift */ = {isa = PBXFileReference; lastKnownFileType = sourcecode.swift; path = PreviewViewController.swift; sourceTree = "<group>"; };
		57301B6624E24C4D00814349 /* Base */ = {isa = PBXFileReference; lastKnownFileType = file.xib; name = Base; path = Base.lproj/PreviewViewController.xib; sourceTree = "<group>"; };
		57301B6824E24C4D00814349 /* Info.plist */ = {isa = PBXFileReference; lastKnownFileType = text.plist.xml; path = Info.plist; sourceTree = "<group>"; };
		57301B6924E24C4D00814349 /* Low Profile - Quick Look.entitlements */ = {isa = PBXFileReference; lastKnownFileType = text.plist.entitlements; path = "Low Profile - Quick Look.entitlements"; sourceTree = "<group>"; };
		573F4D0324E81EB000E6136F /* AppCommands.swift */ = {isa = PBXFileReference; lastKnownFileType = sourcecode.swift; path = AppCommands.swift; sourceTree = "<group>"; };
		578B3B9224DAA193004D06C2 /* Sidebar.swift */ = {isa = PBXFileReference; lastKnownFileType = sourcecode.swift; path = Sidebar.swift; sourceTree = "<group>"; };
		578B3B9424DAA318004D06C2 /* UnselectedDetail.swift */ = {isa = PBXFileReference; lastKnownFileType = sourcecode.swift; path = UnselectedDetail.swift; sourceTree = "<group>"; };
		578B3B9624DAA522004D06C2 /* DetailInformation.swift */ = {isa = PBXFileReference; lastKnownFileType = sourcecode.swift; path = DetailInformation.swift; sourceTree = "<group>"; };
		578B3B9A24DAB51F004D06C2 /* Property.swift */ = {isa = PBXFileReference; lastKnownFileType = sourcecode.swift; path = Property.swift; sourceTree = "<group>"; };
		578B3B9C24DABB23004D06C2 /* PayloadProperty.swift */ = {isa = PBXFileReference; lastKnownFileType = sourcecode.swift; path = PayloadProperty.swift; sourceTree = "<group>"; };
		578B3B9E24DC0444004D06C2 /* PlatformTag.swift */ = {isa = PBXFileReference; lastKnownFileType = sourcecode.swift; path = PlatformTag.swift; sourceTree = "<group>"; };
		578B3BA024DC05B2004D06C2 /* Platform.swift */ = {isa = PBXFileReference; lastKnownFileType = sourcecode.swift; path = Platform.swift; sourceTree = "<group>"; };
		578B3BA224DC08B8004D06C2 /* Availability.swift */ = {isa = PBXFileReference; lastKnownFileType = sourcecode.swift; path = Availability.swift; sourceTree = "<group>"; };
		578B3BA824DC1FAD004D06C2 /* TextRow.swift */ = {isa = PBXFileReference; lastKnownFileType = sourcecode.swift; path = TextRow.swift; sourceTree = "<group>"; };
		578B3BAA24DE4D90004D06C2 /* DetailHeading.swift */ = {isa = PBXFileReference; lastKnownFileType = sourcecode.swift; path = DetailHeading.swift; sourceTree = "<group>"; };
		578B3BAC24DE4F9D004D06C2 /* DetailHeadingPlatforms.swift */ = {isa = PBXFileReference; lastKnownFileType = sourcecode.swift; path = DetailHeadingPlatforms.swift; sourceTree = "<group>"; };
		578B3BB024DE5763004D06C2 /* TextTag.swift */ = {isa = PBXFileReference; lastKnownFileType = sourcecode.swift; path = TextTag.swift; sourceTree = "<group>"; };
		578B3BB624DE7088004D06C2 /* String+Extension.swift */ = {isa = PBXFileReference; lastKnownFileType = sourcecode.swift; path = "String+Extension.swift"; sourceTree = "<group>"; };
		578B3BB824DE78B1004D06C2 /* DetailAvailability.swift */ = {isa = PBXFileReference; lastKnownFileType = sourcecode.swift; path = DetailAvailability.swift; sourceTree = "<group>"; };
		578B3BBC24DFB7CE004D06C2 /* DetailDiscussion.swift */ = {isa = PBXFileReference; lastKnownFileType = sourcecode.swift; path = DetailDiscussion.swift; sourceTree = "<group>"; };
		578B3BBE24DFD64E004D06C2 /* PayloadProperties.swift */ = {isa = PBXFileReference; lastKnownFileType = sourcecode.swift; path = PayloadProperties.swift; sourceTree = "<group>"; };
		578B3BC024E132D0004D06C2 /* AppDelegate.swift */ = {isa = PBXFileReference; lastKnownFileType = sourcecode.swift; path = AppDelegate.swift; sourceTree = "<group>"; };
		578B3BC224E143CD004D06C2 /* DetailCertificate.swift */ = {isa = PBXFileReference; lastKnownFileType = sourcecode.swift; path = DetailCertificate.swift; sourceTree = "<group>"; };
		578F000424E8148D00DA8DF1 /* DocumentError.swift */ = {isa = PBXFileReference; lastKnownFileType = sourcecode.swift; path = DocumentError.swift; sourceTree = "<group>"; };
		578FFFED24E675EC00DA8DF1 /* AttributedText.swift */ = {isa = PBXFileReference; lastKnownFileType = sourcecode.swift; path = AttributedText.swift; sourceTree = "<group>"; };
		578FFFF024E7AB5D00DA8DF1 /* DetailPropertyList.swift */ = {isa = PBXFileReference; lastKnownFileType = sourcecode.swift; path = DetailPropertyList.swift; sourceTree = "<group>"; };
		578FFFF624E7B49800DA8DF1 /* PropertyListText.swift */ = {isa = PBXFileReference; lastKnownFileType = sourcecode.swift; path = PropertyListText.swift; sourceTree = "<group>"; };
		57BB577A24D789E70090CDDF /* Payload.swift */ = {isa = PBXFileReference; lastKnownFileType = sourcecode.swift; path = Payload.swift; sourceTree = "<group>"; };
		57BB578024D78B2C0090CDDF /* Profile.swift */ = {isa = PBXFileReference; lastKnownFileType = sourcecode.swift; path = Profile.swift; sourceTree = "<group>"; };
		57BB578224D7FD330090CDDF /* SidebarRow.swift */ = {isa = PBXFileReference; lastKnownFileType = sourcecode.swift; path = SidebarRow.swift; sourceTree = "<group>"; };
		57BB578524D802270090CDDF /* Detail.swift */ = {isa = PBXFileReference; lastKnownFileType = sourcecode.swift; path = Detail.swift; sourceTree = "<group>"; };
		57BB578724D818F00090CDDF /* Payloads.plist */ = {isa = PBXFileReference; fileEncoding = 4; lastKnownFileType = text.plist.xml; path = Payloads.plist; sourceTree = "<group>"; };
		57BB578924D81AB00090CDDF /* PayloadHelper.swift */ = {isa = PBXFileReference; lastKnownFileType = sourcecode.swift; path = PayloadHelper.swift; sourceTree = "<group>"; };
		57D4F7CE24D6D6A500BC0648 /* Low Profile.app */ = {isa = PBXFileReference; explicitFileType = wrapper.application; includeInIndex = 0; path = "Low Profile.app"; sourceTree = BUILT_PRODUCTS_DIR; };
		57D4F7D124D6D6A500BC0648 /* LowProfileApp.swift */ = {isa = PBXFileReference; lastKnownFileType = sourcecode.swift; path = LowProfileApp.swift; sourceTree = "<group>"; };
		57D4F7D324D6D6A500BC0648 /* ContentView.swift */ = {isa = PBXFileReference; lastKnownFileType = sourcecode.swift; path = ContentView.swift; sourceTree = "<group>"; };
		57D4F7D524D6D6A700BC0648 /* Assets.xcassets */ = {isa = PBXFileReference; lastKnownFileType = folder.assetcatalog; path = Assets.xcassets; sourceTree = "<group>"; };
		57D4F7DA24D6D6A700BC0648 /* Info.plist */ = {isa = PBXFileReference; lastKnownFileType = text.plist.xml; path = Info.plist; sourceTree = "<group>"; };
		57D4F7DB24D6D6A700BC0648 /* Low Profile.entitlements */ = {isa = PBXFileReference; lastKnownFileType = text.plist.entitlements; path = "Low Profile.entitlements"; sourceTree = "<group>"; };
		57D4F7EA24D6D85D00BC0648 /* Quartz.framework */ = {isa = PBXFileReference; lastKnownFileType = wrapper.framework; name = Quartz.framework; path = System/Library/Frameworks/Quartz.framework; sourceTree = SDKROOT; };
		57D4F7FB24D6D8D100BC0648 /* Document.swift */ = {isa = PBXFileReference; lastKnownFileType = sourcecode.swift; path = Document.swift; sourceTree = "<group>"; };
		57D4F7FD24D6E46400BC0648 /* UTType+Extension.swift */ = {isa = PBXFileReference; lastKnownFileType = sourcecode.swift; path = "UTType+Extension.swift"; sourceTree = "<group>"; };
/* End PBXFileReference section */

/* Begin PBXFrameworksBuildPhase section */
		57301B5D24E24C4D00814349 /* Frameworks */ = {
			isa = PBXFrameworksBuildPhase;
			buildActionMask = 2147483647;
			files = (
				57301BA024E3CDF800814349 /* ASN1Decoder in Frameworks */,
				57301B6124E24C4D00814349 /* Quartz.framework in Frameworks */,
			);
			runOnlyForDeploymentPostprocessing = 0;
		};
		57D4F7CB24D6D6A500BC0648 /* Frameworks */ = {
			isa = PBXFrameworksBuildPhase;
			buildActionMask = 2147483647;
			files = (
				57301B9E24E3CDBE00814349 /* ASN1Decoder in Frameworks */,
			);
			runOnlyForDeploymentPostprocessing = 0;
		};
/* End PBXFrameworksBuildPhase section */

/* Begin PBXGroup section */
		57301B6224E24C4D00814349 /* Low Profile - Quick Look */ = {
			isa = PBXGroup;
			children = (
				57301B6824E24C4D00814349 /* Info.plist */,
				57301B6324E24C4D00814349 /* PreviewViewController.swift */,
				57301B6524E24C4D00814349 /* PreviewViewController.xib */,
				57301B6924E24C4D00814349 /* Low Profile - Quick Look.entitlements */,
			);
			path = "Low Profile - Quick Look";
			sourceTree = "<group>";
		};
		57301BA424E41D6D00814349 /* Common */ = {
			isa = PBXGroup;
			children = (
				57D4F7D524D6D6A700BC0648 /* Assets.xcassets */,
				57BB578724D818F00090CDDF /* Payloads.plist */,
				57BB577C24D789F00090CDDF /* Extensions */,
				57BB578B24D81AB50090CDDF /* Helpers */,
				57BB577D24D78A270090CDDF /* Model */,
				57BB578424D7FDBB0090CDDF /* Views */,
			);
			path = Common;
			sourceTree = "<group>";
		};
		57BB577C24D789F00090CDDF /* Extensions */ = {
			isa = PBXGroup;
			children = (
				578B3BB624DE7088004D06C2 /* String+Extension.swift */,
				57D4F7FD24D6E46400BC0648 /* UTType+Extension.swift */,
			);
			path = Extensions;
			sourceTree = "<group>";
		};
		57BB577D24D78A270090CDDF /* Model */ = {
			isa = PBXGroup;
			children = (
				57BB578024D78B2C0090CDDF /* Profile.swift */,
				57BB577A24D789E70090CDDF /* Payload.swift */,
				578B3BA024DC05B2004D06C2 /* Platform.swift */,
				578B3BA224DC08B8004D06C2 /* Availability.swift */,
				578B3B9A24DAB51F004D06C2 /* Property.swift */,
			);
			path = Model;
			sourceTree = "<group>";
		};
		57BB578424D7FDBB0090CDDF /* Views */ = {
			isa = PBXGroup;
			children = (
				57D4F7D324D6D6A500BC0648 /* ContentView.swift */,
				578B3B9224DAA193004D06C2 /* Sidebar.swift */,
				57BB578224D7FD330090CDDF /* SidebarRow.swift */,
				578B3B9424DAA318004D06C2 /* UnselectedDetail.swift */,
				57BB578524D802270090CDDF /* Detail.swift */,
				578B3BAA24DE4D90004D06C2 /* DetailHeading.swift */,
				578B3BAC24DE4F9D004D06C2 /* DetailHeadingPlatforms.swift */,
				578B3B9624DAA522004D06C2 /* DetailInformation.swift */,
				578B3BB824DE78B1004D06C2 /* DetailAvailability.swift */,
				578B3BBC24DFB7CE004D06C2 /* DetailDiscussion.swift */,
				578B3BC224E143CD004D06C2 /* DetailCertificate.swift */,
				578FFFF024E7AB5D00DA8DF1 /* DetailPropertyList.swift */,
				578B3BBE24DFD64E004D06C2 /* PayloadProperties.swift */,
				578B3B9C24DABB23004D06C2 /* PayloadProperty.swift */,
				578B3BA824DC1FAD004D06C2 /* TextRow.swift */,
				578FFFED24E675EC00DA8DF1 /* AttributedText.swift */,
				578FFFF624E7B49800DA8DF1 /* PropertyListText.swift */,
				578B3B9E24DC0444004D06C2 /* PlatformTag.swift */,
				578B3BB024DE5763004D06C2 /* TextTag.swift */,
			);
			path = Views;
			sourceTree = "<group>";
		};
		57BB578B24D81AB50090CDDF /* Helpers */ = {
			isa = PBXGroup;
			children = (
				57BB578924D81AB00090CDDF /* PayloadHelper.swift */,
			);
			path = Helpers;
			sourceTree = "<group>";
		};
		57D4F7C524D6D6A500BC0648 = {
			isa = PBXGroup;
			children = (
				57301BA424E41D6D00814349 /* Common */,
				57D4F7D024D6D6A500BC0648 /* Low Profile */,
				57301B6224E24C4D00814349 /* Low Profile - Quick Look */,
				57D4F7E924D6D85D00BC0648 /* Frameworks */,
				57D4F7CF24D6D6A500BC0648 /* Products */,
			);
			sourceTree = "<group>";
		};
		57D4F7CF24D6D6A500BC0648 /* Products */ = {
			isa = PBXGroup;
			children = (
				57D4F7CE24D6D6A500BC0648 /* Low Profile.app */,
				57301B6024E24C4D00814349 /* Low Profile - Quick Look.appex */,
			);
			name = Products;
			sourceTree = "<group>";
		};
		57D4F7D024D6D6A500BC0648 /* Low Profile */ = {
			isa = PBXGroup;
			children = (
				573F4D0324E81EB000E6136F /* AppCommands.swift */,
				578B3BC024E132D0004D06C2 /* AppDelegate.swift */,
				57D4F7FB24D6D8D100BC0648 /* Document.swift */,
				578F000424E8148D00DA8DF1 /* DocumentError.swift */,
				57D4F7DA24D6D6A700BC0648 /* Info.plist */,
				57D4F7D124D6D6A500BC0648 /* LowProfileApp.swift */,
				57D4F7DB24D6D6A700BC0648 /* Low Profile.entitlements */,
			);
			path = "Low Profile";
			sourceTree = "<group>";
		};
		57D4F7E924D6D85D00BC0648 /* Frameworks */ = {
			isa = PBXGroup;
			children = (
				57D4F7EA24D6D85D00BC0648 /* Quartz.framework */,
			);
			name = Frameworks;
			sourceTree = "<group>";
		};
/* End PBXGroup section */

/* Begin PBXNativeTarget section */
		57301B5F24E24C4D00814349 /* Low Profile - Quick Look */ = {
			isa = PBXNativeTarget;
			buildConfigurationList = 57301B6D24E24C4D00814349 /* Build configuration list for PBXNativeTarget "Low Profile - Quick Look" */;
			buildPhases = (
				57301B5C24E24C4D00814349 /* Sources */,
				57301B5D24E24C4D00814349 /* Frameworks */,
				57301B5E24E24C4D00814349 /* Resources */,
			);
			buildRules = (
			);
			dependencies = (
			);
			name = "Low Profile - Quick Look";
			packageProductDependencies = (
				57301B9F24E3CDF800814349 /* ASN1Decoder */,
			);
			productName = quicklook;
			productReference = 57301B6024E24C4D00814349 /* Low Profile - Quick Look.appex */;
			productType = "com.apple.product-type.app-extension";
		};
		57D4F7CD24D6D6A500BC0648 /* Low Profile */ = {
			isa = PBXNativeTarget;
			buildConfigurationList = 57D4F7DE24D6D6A700BC0648 /* Build configuration list for PBXNativeTarget "Low Profile" */;
			buildPhases = (
				57D4F7CA24D6D6A500BC0648 /* Sources */,
				57D4F7CB24D6D6A500BC0648 /* Frameworks */,
				57D4F7CC24D6D6A500BC0648 /* Resources */,
				57D4F7E124D6D6DA00BC0648 /* Run SwiftLint */,
			);
			buildRules = (
			);
			dependencies = (
			);
			name = "Low Profile";
			packageProductDependencies = (
				57301B9D24E3CDBE00814349 /* ASN1Decoder */,
			);
			productName = "Low Profile";
			productReference = 57D4F7CE24D6D6A500BC0648 /* Low Profile.app */;
			productType = "com.apple.product-type.application";
		};
/* End PBXNativeTarget section */

/* Begin PBXProject section */
		57D4F7C624D6D6A500BC0648 /* Project object */ = {
			isa = PBXProject;
			attributes = {
				LastSwiftUpdateCheck = 1200;
				LastUpgradeCheck = 1200;
				TargetAttributes = {
					57301B5F24E24C4D00814349 = {
						CreatedOnToolsVersion = 12.0;
					};
					57D4F7CD24D6D6A500BC0648 = {
						CreatedOnToolsVersion = 12.0;
					};
				};
			};
			buildConfigurationList = 57D4F7C924D6D6A500BC0648 /* Build configuration list for PBXProject "Low Profile" */;
			compatibilityVersion = "Xcode 9.3";
			developmentRegion = en;
			hasScannedForEncodings = 0;
			knownRegions = (
				en,
				Base,
			);
			mainGroup = 57D4F7C524D6D6A500BC0648;
			packageReferences = (
				57301B9C24E3CDBE00814349 /* XCRemoteSwiftPackageReference "ASN1Decoder" */,
			);
			productRefGroup = 57D4F7CF24D6D6A500BC0648 /* Products */;
			projectDirPath = "";
			projectRoot = "";
			targets = (
				57D4F7CD24D6D6A500BC0648 /* Low Profile */,
				57301B5F24E24C4D00814349 /* Low Profile - Quick Look */,
			);
		};
/* End PBXProject section */

/* Begin PBXResourcesBuildPhase section */
		57301B5E24E24C4D00814349 /* Resources */ = {
			isa = PBXResourcesBuildPhase;
			buildActionMask = 2147483647;
			files = (
				57301BA124E3FE2600814349 /* Assets.xcassets in Resources */,
				57301B6724E24C4D00814349 /* PreviewViewController.xib in Resources */,
				57301BA324E41CEB00814349 /* Payloads.plist in Resources */,
			);
			runOnlyForDeploymentPostprocessing = 0;
		};
		57D4F7CC24D6D6A500BC0648 /* Resources */ = {
			isa = PBXResourcesBuildPhase;
			buildActionMask = 2147483647;
			files = (
				57D4F7D624D6D6A700BC0648 /* Assets.xcassets in Resources */,
				57BB578824D818F00090CDDF /* Payloads.plist in Resources */,
			);
			runOnlyForDeploymentPostprocessing = 0;
		};
/* End PBXResourcesBuildPhase section */

/* Begin PBXShellScriptBuildPhase section */
		57D4F7E124D6D6DA00BC0648 /* Run SwiftLint */ = {
			isa = PBXShellScriptBuildPhase;
			buildActionMask = 2147483647;
			files = (
			);
			inputFileListPaths = (
			);
			inputPaths = (
			);
			name = "Run SwiftLint";
			outputFileListPaths = (
			);
			outputPaths = (
			);
			runOnlyForDeploymentPostprocessing = 0;
			shellPath = /bin/sh;
			shellScript = "if which swiftlint >/dev/null ; then\n  swiftlint\nelse\n  echo \"warning: SwiftLint not installed, download from https://github.com/realm/SwiftLint\"\nfi\n\nexit 0\n";
		};
/* End PBXShellScriptBuildPhase section */

/* Begin PBXSourcesBuildPhase section */
		57301B5C24E24C4D00814349 /* Sources */ = {
			isa = PBXSourcesBuildPhase;
			buildActionMask = 2147483647;
			files = (
				57301B8824E2740200814349 /* UTType+Extension.swift in Sources */,
				57301B7A24E273F300814349 /* UnselectedDetail.swift in Sources */,
				57301B8024E273F300814349 /* SidebarRow.swift in Sources */,
				57301B7D24E273F300814349 /* DetailHeadingPlatforms.swift in Sources */,
				578FFFEF24E675ED00DA8DF1 /* AttributedText.swift in Sources */,
				57301B7E24E273F300814349 /* Sidebar.swift in Sources */,
				57301B7624E273EF00814349 /* Availability.swift in Sources */,
				57301B7724E273F300814349 /* TextRow.swift in Sources */,
				57301B8724E273FD00814349 /* String+Extension.swift in Sources */,
				57301B8624E273F300814349 /* DetailDiscussion.swift in Sources */,
				57301B7924E273F300814349 /* PayloadProperty.swift in Sources */,
				57301B7424E273EF00814349 /* Property.swift in Sources */,
				57301B7324E273EF00814349 /* Platform.swift in Sources */,
				578F000624E8148D00DA8DF1 /* DocumentError.swift in Sources */,
				57301B8124E273F300814349 /* DetailInformation.swift in Sources */,
				57301B7B24E273F300814349 /* PlatformTag.swift in Sources */,
				578FFFF224E7AB5D00DA8DF1 /* DetailPropertyList.swift in Sources */,
				57301B7024E273D300814349 /* ContentView.swift in Sources */,
				57301B7124E273EB00814349 /* Profile.swift in Sources */,
				57301B8924E2741D00814349 /* PayloadHelper.swift in Sources */,
				57301B7224E273EF00814349 /* Payload.swift in Sources */,
				57301B7C24E273F300814349 /* TextTag.swift in Sources */,
				57301B8224E273F300814349 /* DetailAvailability.swift in Sources */,
				57301B8324E273F300814349 /* DetailCertificate.swift in Sources */,
				57301B6424E24C4D00814349 /* PreviewViewController.swift in Sources */,
				57301B8424E273F300814349 /* Detail.swift in Sources */,
				57301B8524E273F300814349 /* DetailHeading.swift in Sources */,
				578FFFF824E7B49800DA8DF1 /* PropertyListText.swift in Sources */,
				57301B7824E273F300814349 /* PayloadProperties.swift in Sources */,
			);
			runOnlyForDeploymentPostprocessing = 0;
		};
		57D4F7CA24D6D6A500BC0648 /* Sources */ = {
			isa = PBXSourcesBuildPhase;
			buildActionMask = 2147483647;
			files = (
				578B3BA124DC05B2004D06C2 /* Platform.swift in Sources */,
				578B3B9B24DAB51F004D06C2 /* Property.swift in Sources */,
				578B3BB924DE78B1004D06C2 /* DetailAvailability.swift in Sources */,
				578B3BA924DC1FAD004D06C2 /* TextRow.swift in Sources */,
				578B3BC124E132D0004D06C2 /* AppDelegate.swift in Sources */,
				57D4F7FE24D6E46400BC0648 /* UTType+Extension.swift in Sources */,
				578B3BC324E143CD004D06C2 /* DetailCertificate.swift in Sources */,
				578B3BAD24DE4F9D004D06C2 /* DetailHeadingPlatforms.swift in Sources */,
				57D4F7D424D6D6A500BC0648 /* ContentView.swift in Sources */,
				578B3B9524DAA318004D06C2 /* UnselectedDetail.swift in Sources */,
				57D4F7FC24D6D8D100BC0648 /* Document.swift in Sources */,
				57BB578124D78B2C0090CDDF /* Profile.swift in Sources */,
				578F000524E8148D00DA8DF1 /* DocumentError.swift in Sources */,
				578B3BAB24DE4D90004D06C2 /* DetailHeading.swift in Sources */,
				578B3BBF24DFD64E004D06C2 /* PayloadProperties.swift in Sources */,
				57BB578324D7FD330090CDDF /* SidebarRow.swift in Sources */,
				578B3B9F24DC0444004D06C2 /* PlatformTag.swift in Sources */,
				578B3BB124DE5763004D06C2 /* TextTag.swift in Sources */,
				57BB578A24D81AB00090CDDF /* PayloadHelper.swift in Sources */,
				578B3BB724DE7088004D06C2 /* String+Extension.swift in Sources */,
				578B3BA324DC08B8004D06C2 /* Availability.swift in Sources */,
				578FFFF724E7B49800DA8DF1 /* PropertyListText.swift in Sources */,
				57BB577B24D789E70090CDDF /* Payload.swift in Sources */,
				578FFFEE24E675ED00DA8DF1 /* AttributedText.swift in Sources */,
				578B3B9324DAA193004D06C2 /* Sidebar.swift in Sources */,
				573F4D0424E81EB000E6136F /* AppCommands.swift in Sources */,
				57D4F7D224D6D6A500BC0648 /* LowProfileApp.swift in Sources */,
				578B3B9724DAA522004D06C2 /* DetailInformation.swift in Sources */,
				57BB578624D802270090CDDF /* Detail.swift in Sources */,
				578B3B9D24DABB23004D06C2 /* PayloadProperty.swift in Sources */,
				578FFFF124E7AB5D00DA8DF1 /* DetailPropertyList.swift in Sources */,
				578B3BBD24DFB7CE004D06C2 /* DetailDiscussion.swift in Sources */,
			);
			runOnlyForDeploymentPostprocessing = 0;
		};
/* End PBXSourcesBuildPhase section */

/* Begin PBXVariantGroup section */
		57301B6524E24C4D00814349 /* PreviewViewController.xib */ = {
			isa = PBXVariantGroup;
			children = (
				57301B6624E24C4D00814349 /* Base */,
			);
			name = PreviewViewController.xib;
			sourceTree = "<group>";
		};
/* End PBXVariantGroup section */

/* Begin XCBuildConfiguration section */
		57301B6E24E24C4D00814349 /* Debug */ = {
			isa = XCBuildConfiguration;
			buildSettings = {
				CODE_SIGN_ENTITLEMENTS = "Low Profile - Quick Look/Low Profile - Quick Look.entitlements";
				CODE_SIGN_STYLE = Automatic;
				DEVELOPMENT_TEAM = "";
				ENABLE_HARDENED_RUNTIME = YES;
				INFOPLIST_FILE = "Low Profile - Quick Look/Info.plist";
				LD_RUNPATH_SEARCH_PATHS = (
					"$(inherited)",
					"@executable_path/../Frameworks",
					"@executable_path/../../../../Frameworks",
				);
				MARKETING_VERSION = "0.1 Beta";
				PRODUCT_BUNDLE_IDENTIFIER = com.ninxsoft.lowprofile.quicklook;
				PRODUCT_NAME = "$(TARGET_NAME)";
				SKIP_INSTALL = YES;
				SWIFT_VERSION = 5.0;
			};
			name = Debug;
		};
		57301B6F24E24C4D00814349 /* Release */ = {
			isa = XCBuildConfiguration;
			buildSettings = {
				CODE_SIGN_ENTITLEMENTS = "Low Profile - Quick Look/Low Profile - Quick Look.entitlements";
				CODE_SIGN_STYLE = Automatic;
				DEVELOPMENT_TEAM = "";
				ENABLE_HARDENED_RUNTIME = YES;
				INFOPLIST_FILE = "Low Profile - Quick Look/Info.plist";
				LD_RUNPATH_SEARCH_PATHS = (
					"$(inherited)",
					"@executable_path/../Frameworks",
					"@executable_path/../../../../Frameworks",
				);
				MARKETING_VERSION = "0.1 Beta";
				PRODUCT_BUNDLE_IDENTIFIER = com.ninxsoft.lowprofile.quicklook;
				PRODUCT_NAME = "$(TARGET_NAME)";
				SKIP_INSTALL = YES;
				SWIFT_VERSION = 5.0;
			};
			name = Release;
		};
		57D4F7DC24D6D6A700BC0648 /* Debug */ = {
			isa = XCBuildConfiguration;
			buildSettings = {
				ALWAYS_SEARCH_USER_PATHS = NO;
				CLANG_ANALYZER_NONNULL = YES;
				CLANG_ANALYZER_NUMBER_OBJECT_CONVERSION = YES_AGGRESSIVE;
				CLANG_CXX_LANGUAGE_STANDARD = "gnu++14";
				CLANG_CXX_LIBRARY = "libc++";
				CLANG_ENABLE_MODULES = YES;
				CLANG_ENABLE_OBJC_ARC = YES;
				CLANG_ENABLE_OBJC_WEAK = YES;
				CLANG_WARN_BLOCK_CAPTURE_AUTORELEASING = YES;
				CLANG_WARN_BOOL_CONVERSION = YES;
				CLANG_WARN_COMMA = YES;
				CLANG_WARN_CONSTANT_CONVERSION = YES;
				CLANG_WARN_DEPRECATED_OBJC_IMPLEMENTATIONS = YES;
				CLANG_WARN_DIRECT_OBJC_ISA_USAGE = YES_ERROR;
				CLANG_WARN_DOCUMENTATION_COMMENTS = YES;
				CLANG_WARN_EMPTY_BODY = YES;
				CLANG_WARN_ENUM_CONVERSION = YES;
				CLANG_WARN_INFINITE_RECURSION = YES;
				CLANG_WARN_INT_CONVERSION = YES;
				CLANG_WARN_NON_LITERAL_NULL_CONVERSION = YES;
				CLANG_WARN_OBJC_IMPLICIT_RETAIN_SELF = YES;
				CLANG_WARN_OBJC_LITERAL_CONVERSION = YES;
				CLANG_WARN_OBJC_ROOT_CLASS = YES_ERROR;
				CLANG_WARN_QUOTED_INCLUDE_IN_FRAMEWORK_HEADER = YES;
				CLANG_WARN_RANGE_LOOP_ANALYSIS = YES;
				CLANG_WARN_STRICT_PROTOTYPES = YES;
				CLANG_WARN_SUSPICIOUS_MOVE = YES;
				CLANG_WARN_UNGUARDED_AVAILABILITY = YES_AGGRESSIVE;
				CLANG_WARN_UNREACHABLE_CODE = YES;
				CLANG_WARN__DUPLICATE_METHOD_MATCH = YES;
				COPY_PHASE_STRIP = NO;
				DEBUG_INFORMATION_FORMAT = dwarf;
				ENABLE_STRICT_OBJC_MSGSEND = YES;
				ENABLE_TESTABILITY = YES;
				GCC_C_LANGUAGE_STANDARD = gnu11;
				GCC_DYNAMIC_NO_PIC = NO;
				GCC_NO_COMMON_BLOCKS = YES;
				GCC_OPTIMIZATION_LEVEL = 0;
				GCC_PREPROCESSOR_DEFINITIONS = (
					"DEBUG=1",
					"$(inherited)",
				);
				GCC_WARN_64_TO_32_BIT_CONVERSION = YES;
				GCC_WARN_ABOUT_RETURN_TYPE = YES_ERROR;
				GCC_WARN_UNDECLARED_SELECTOR = YES;
				GCC_WARN_UNINITIALIZED_AUTOS = YES_AGGRESSIVE;
				GCC_WARN_UNUSED_FUNCTION = YES;
				GCC_WARN_UNUSED_VARIABLE = YES;
				MACOSX_DEPLOYMENT_TARGET = 11.0;
				MTL_ENABLE_DEBUG_INFO = INCLUDE_SOURCE;
				MTL_FAST_MATH = YES;
				ONLY_ACTIVE_ARCH = YES;
				SDKROOT = macosx;
				SWIFT_ACTIVE_COMPILATION_CONDITIONS = DEBUG;
				SWIFT_OPTIMIZATION_LEVEL = "-Onone";
			};
			name = Debug;
		};
		57D4F7DD24D6D6A700BC0648 /* Release */ = {
			isa = XCBuildConfiguration;
			buildSettings = {
				ALWAYS_SEARCH_USER_PATHS = NO;
				CLANG_ANALYZER_NONNULL = YES;
				CLANG_ANALYZER_NUMBER_OBJECT_CONVERSION = YES_AGGRESSIVE;
				CLANG_CXX_LANGUAGE_STANDARD = "gnu++14";
				CLANG_CXX_LIBRARY = "libc++";
				CLANG_ENABLE_MODULES = YES;
				CLANG_ENABLE_OBJC_ARC = YES;
				CLANG_ENABLE_OBJC_WEAK = YES;
				CLANG_WARN_BLOCK_CAPTURE_AUTORELEASING = YES;
				CLANG_WARN_BOOL_CONVERSION = YES;
				CLANG_WARN_COMMA = YES;
				CLANG_WARN_CONSTANT_CONVERSION = YES;
				CLANG_WARN_DEPRECATED_OBJC_IMPLEMENTATIONS = YES;
				CLANG_WARN_DIRECT_OBJC_ISA_USAGE = YES_ERROR;
				CLANG_WARN_DOCUMENTATION_COMMENTS = YES;
				CLANG_WARN_EMPTY_BODY = YES;
				CLANG_WARN_ENUM_CONVERSION = YES;
				CLANG_WARN_INFINITE_RECURSION = YES;
				CLANG_WARN_INT_CONVERSION = YES;
				CLANG_WARN_NON_LITERAL_NULL_CONVERSION = YES;
				CLANG_WARN_OBJC_IMPLICIT_RETAIN_SELF = YES;
				CLANG_WARN_OBJC_LITERAL_CONVERSION = YES;
				CLANG_WARN_OBJC_ROOT_CLASS = YES_ERROR;
				CLANG_WARN_QUOTED_INCLUDE_IN_FRAMEWORK_HEADER = YES;
				CLANG_WARN_RANGE_LOOP_ANALYSIS = YES;
				CLANG_WARN_STRICT_PROTOTYPES = YES;
				CLANG_WARN_SUSPICIOUS_MOVE = YES;
				CLANG_WARN_UNGUARDED_AVAILABILITY = YES_AGGRESSIVE;
				CLANG_WARN_UNREACHABLE_CODE = YES;
				CLANG_WARN__DUPLICATE_METHOD_MATCH = YES;
				COPY_PHASE_STRIP = NO;
				DEBUG_INFORMATION_FORMAT = "dwarf-with-dsym";
				ENABLE_NS_ASSERTIONS = NO;
				ENABLE_STRICT_OBJC_MSGSEND = YES;
				GCC_C_LANGUAGE_STANDARD = gnu11;
				GCC_NO_COMMON_BLOCKS = YES;
				GCC_WARN_64_TO_32_BIT_CONVERSION = YES;
				GCC_WARN_ABOUT_RETURN_TYPE = YES_ERROR;
				GCC_WARN_UNDECLARED_SELECTOR = YES;
				GCC_WARN_UNINITIALIZED_AUTOS = YES_AGGRESSIVE;
				GCC_WARN_UNUSED_FUNCTION = YES;
				GCC_WARN_UNUSED_VARIABLE = YES;
				MACOSX_DEPLOYMENT_TARGET = 11.0;
				MTL_ENABLE_DEBUG_INFO = NO;
				MTL_FAST_MATH = YES;
				SDKROOT = macosx;
				SWIFT_COMPILATION_MODE = wholemodule;
				SWIFT_OPTIMIZATION_LEVEL = "-O";
			};
			name = Release;
		};
		57D4F7DF24D6D6A700BC0648 /* Debug */ = {
			isa = XCBuildConfiguration;
			buildSettings = {
				ASSETCATALOG_COMPILER_APPICON_NAME = AppIcon;
				ASSETCATALOG_COMPILER_GLOBAL_ACCENT_COLOR_NAME = AccentColor;
				CODE_SIGN_ENTITLEMENTS = "Low Profile/Low Profile.entitlements";
				CODE_SIGN_STYLE = Automatic;
				COMBINE_HIDPI_IMAGES = YES;
				DEVELOPMENT_ASSET_PATHS = "";
				DEVELOPMENT_TEAM = "";
				ENABLE_HARDENED_RUNTIME = YES;
				ENABLE_PREVIEWS = YES;
				INFOPLIST_FILE = "Low Profile/Info.plist";
				LD_RUNPATH_SEARCH_PATHS = (
					"$(inherited)",
					"@executable_path/../Frameworks",
				);
				MACOSX_DEPLOYMENT_TARGET = 11.0;
				MARKETING_VERSION = "0.1 Beta";
				PRODUCT_BUNDLE_IDENTIFIER = com.ninxsoft.lowprofile;
				PRODUCT_NAME = "$(TARGET_NAME)";
				SWIFT_VERSION = 5.0;
			};
			name = Debug;
		};
		57D4F7E024D6D6A700BC0648 /* Release */ = {
			isa = XCBuildConfiguration;
			buildSettings = {
				ASSETCATALOG_COMPILER_APPICON_NAME = AppIcon;
				ASSETCATALOG_COMPILER_GLOBAL_ACCENT_COLOR_NAME = AccentColor;
				CODE_SIGN_ENTITLEMENTS = "Low Profile/Low Profile.entitlements";
				CODE_SIGN_STYLE = Automatic;
				COMBINE_HIDPI_IMAGES = YES;
				DEVELOPMENT_ASSET_PATHS = "";
				DEVELOPMENT_TEAM = "";
				ENABLE_HARDENED_RUNTIME = YES;
				ENABLE_PREVIEWS = YES;
				INFOPLIST_FILE = "Low Profile/Info.plist";
				LD_RUNPATH_SEARCH_PATHS = (
					"$(inherited)",
					"@executable_path/../Frameworks",
				);
				MACOSX_DEPLOYMENT_TARGET = 11.0;
				MARKETING_VERSION = "0.1 Beta";
				PRODUCT_BUNDLE_IDENTIFIER = com.ninxsoft.lowprofile;
				PRODUCT_NAME = "$(TARGET_NAME)";
				SWIFT_VERSION = 5.0;
			};
			name = Release;
		};
/* End XCBuildConfiguration section */

/* Begin XCConfigurationList section */
		57301B6D24E24C4D00814349 /* Build configuration list for PBXNativeTarget "Low Profile - Quick Look" */ = {
			isa = XCConfigurationList;
			buildConfigurations = (
				57301B6E24E24C4D00814349 /* Debug */,
				57301B6F24E24C4D00814349 /* Release */,
			);
			defaultConfigurationIsVisible = 0;
			defaultConfigurationName = Release;
		};
		57D4F7C924D6D6A500BC0648 /* Build configuration list for PBXProject "Low Profile" */ = {
			isa = XCConfigurationList;
			buildConfigurations = (
				57D4F7DC24D6D6A700BC0648 /* Debug */,
				57D4F7DD24D6D6A700BC0648 /* Release */,
			);
			defaultConfigurationIsVisible = 0;
			defaultConfigurationName = Release;
		};
		57D4F7DE24D6D6A700BC0648 /* Build configuration list for PBXNativeTarget "Low Profile" */ = {
			isa = XCConfigurationList;
			buildConfigurations = (
				57D4F7DF24D6D6A700BC0648 /* Debug */,
				57D4F7E024D6D6A700BC0648 /* Release */,
			);
			defaultConfigurationIsVisible = 0;
			defaultConfigurationName = Release;
		};
/* End XCConfigurationList section */

/* Begin XCRemoteSwiftPackageReference section */
		57301B9C24E3CDBE00814349 /* XCRemoteSwiftPackageReference "ASN1Decoder" */ = {
			isa = XCRemoteSwiftPackageReference;
			repositoryURL = "https://github.com/filom/ASN1Decoder.git";
			requirement = {
				kind = upToNextMajorVersion;
				minimumVersion = 1.3.3;
			};
		};
/* End XCRemoteSwiftPackageReference section */

/* Begin XCSwiftPackageProductDependency section */
		57301B9D24E3CDBE00814349 /* ASN1Decoder */ = {
			isa = XCSwiftPackageProductDependency;
			package = 57301B9C24E3CDBE00814349 /* XCRemoteSwiftPackageReference "ASN1Decoder" */;
			productName = ASN1Decoder;
		};
		57301B9F24E3CDF800814349 /* ASN1Decoder */ = {
			isa = XCSwiftPackageProductDependency;
			package = 57301B9C24E3CDBE00814349 /* XCRemoteSwiftPackageReference "ASN1Decoder" */;
			productName = ASN1Decoder;
		};
/* End XCSwiftPackageProductDependency section */
	};
	rootObject = 57D4F7C624D6D6A500BC0648 /* Project object */;
}
